<?xml version="1.0" encoding="utf-8"?>
<Project ToolsVersion="4.0" xmlns="http://schemas.microsoft.com/developer/msbuild/2003">
  <ItemGroup>
    <Filter Include="Source Files">
      <UniqueIdentifier>{7fe88c9a-fdfc-422f-92d6-6ebb20a743d1}</UniqueIdentifier>
      <Extensions>cpp;c;cxx;rc;def;r;odl;idl;hpj;bat</Extensions>
    </Filter>
    <Filter Include="TransportSDK">
      <UniqueIdentifier>{b4c504c7-0043-4f99-913d-5206c06f8728}</UniqueIdentifier>
    </Filter>
    <Filter Include="TransportSDK\Source Files">
      <UniqueIdentifier>{498863fe-5a40-480d-b0a3-1b613bdb1ef2}</UniqueIdentifier>
    </Filter>
    <Filter Include="TransportSDK\Header Files">
      <UniqueIdentifier>{bce64d91-ecf5-4cbe-84e3-a8323d5b2693}</UniqueIdentifier>
    </Filter>
    <Filter Include="QueryReporting2SDK">
      <UniqueIdentifier>{df42e091-8c56-4268-8d18-4caefd13231b}</UniqueIdentifier>
    </Filter>
    <Filter Include="QueryReporting2SDK\Source Files">
      <UniqueIdentifier>{1c659519-71f6-4e0d-882e-bc97295a1692}</UniqueIdentifier>
    </Filter>
    <Filter Include="QueryReporting2SDK\Header Files">
      <UniqueIdentifier>{dddae184-28e3-4044-8fa7-bce1357715da}</UniqueIdentifier>
    </Filter>
    <Filter Include="GsCommon">
      <UniqueIdentifier>{fb728db2-d6a1-4e66-b58c-39171322f3ce}</UniqueIdentifier>
    </Filter>
    <Filter Include="GsCommon\Source Files">
      <UniqueIdentifier>{d2033c1c-2fc5-4a42-81ec-b3c9050414b2}</UniqueIdentifier>
    </Filter>
    <Filter Include="GsCommon\Header Files">
      <UniqueIdentifier>{5cb71c46-4e03-4697-a1ae-a4eb2bea92fe}</UniqueIdentifier>
    </Filter>
    <Filter Include="NatNeg">
      <UniqueIdentifier>{f121e7ba-b7dc-4106-a369-c95ee8400ecb}</UniqueIdentifier>
    </Filter>
    <Filter Include="NatNeg\Source Files">
      <UniqueIdentifier>{a2b02375-de8a-4c23-87f1-6e9688202a73}</UniqueIdentifier>
    </Filter>
    <Filter Include="NatNeg\Header Files">
      <UniqueIdentifier>{e9ca9033-7d7e-4be0-a91e-ece9bd8726ec}</UniqueIdentifier>
    </Filter>
  </ItemGroup>
  <ItemGroup>
    <ClCompile Include="gt2hostmig.c">
      <Filter>Source Files</Filter>
    </ClCompile>
    <ClCompile Include="..\gt2Auth.c">
      <Filter>TransportSDK\Source Files</Filter>
    </ClCompile>
    <ClCompile Include="..\gt2Buffer.c">
      <Filter>TransportSDK\Source Files</Filter>
    </ClCompile>
    <ClCompile Include="..\gt2Callback.c">
      <Filter>TransportSDK\Source Files</Filter>
    </ClCompile>
    <ClCompile Include="..\gt2Connection.c">
      <Filter>TransportSDK\Source Files</Filter>
    </ClCompile>
    <ClCompile Include="..\gt2Encode.c">
      <Filter>TransportSDK\Source Files</Filter>
    </ClCompile>
    <ClCompile Include="..\gt2Filter.c">
      <Filter>TransportSDK\Source Files</Filter>
    </ClCompile>
    <ClCompile Include="..\gt2Main.c">
      <Filter>TransportSDK\Source Files</Filter>
    </ClCompile>
    <ClCompile Include="..\gt2Message.c">
      <Filter>TransportSDK\Source Files</Filter>
    </ClCompile>
    <ClCompile Include="..\gt2Socket.c">
      <Filter>TransportSDK\Source Files</Filter>
    </ClCompile>
    <ClCompile Include="..\gt2Utility.c">
      <Filter>TransportSDK\Source Files</Filter>
    </ClCompile>
    <ClCompile Include="..\..\qr2\qr2.c">
      <Filter>QueryReporting2SDK\Source Files</Filter>
    </ClCompile>
    <ClCompile Include="..\..\qr2\qr2regkeys.c">
      <Filter>QueryReporting2SDK\Source Files</Filter>
    </ClCompile>
    <ClCompile Include="..\..\darray.c">
      <Filter>GsCommon\Source Files</Filter>
    </ClCompile>
    <ClCompile Include="..\..\common\gsAssert.c">
      <Filter>GsCommon\Source Files</Filter>
    </ClCompile>
    <ClCompile Include="..\..\common\gsAvailable.c">
      <Filter>GsCommon\Source Files</Filter>
    </ClCompile>
    <ClCompile Include="..\..\common\gsDebug.c">
      <Filter>GsCommon\Source Files</Filter>
    </ClCompile>
    <ClCompile Include="..\..\common\gsMemory.c">
      <Filter>GsCommon\Source Files</Filter>
    </ClCompile>
    <ClCompile Include="..\..\common\gsPlatform.c">
      <Filter>GsCommon\Source Files</Filter>
    </ClCompile>
    <ClCompile Include="..\..\common\gsPlatformSocket.c">
      <Filter>GsCommon\Source Files</Filter>
    </ClCompile>
    <ClCompile Include="..\..\common\gsPlatformThread.c">
      <Filter>GsCommon\Source Files</Filter>
    </ClCompile>
    <ClCompile Include="..\..\common\gsPlatformUtil.c">
      <Filter>GsCommon\Source Files</Filter>
    </ClCompile>
    <ClCompile Include="..\..\common\gsStringUtil.c">
      <Filter>GsCommon\Source Files</Filter>
    </ClCompile>
    <ClCompile Include="..\..\hashtable.c">
      <Filter>GsCommon\Source Files</Filter>
    </ClCompile>
    <ClCompile Include="..\..\natneg\NATify.c">
      <Filter>NatNeg\Source Files</Filter>
    </ClCompile>
    <ClCompile Include="..\..\natneg\natneg.c">
      <Filter>NatNeg\Source Files</Filter>
    </ClCompile>
  </ItemGroup>
  <ItemGroup>
    <ClInclude Include="..\gt2.h">
      <Filter>TransportSDK\Header Files</Filter>
    </ClInclude>
    <ClInclude Include="..\gt2Auth.h">
      <Filter>TransportSDK\Header Files</Filter>
    </ClInclude>
    <ClInclude Include="..\gt2Buffer.h">
      <Filter>TransportSDK\Header Files</Filter>
    </ClInclude>
    <ClInclude Include="..\gt2Callback.h">
      <Filter>TransportSDK\Header Files</Filter>
    </ClInclude>
    <ClInclude Include="..\gt2Connection.h">
      <Filter>TransportSDK\Header Files</Filter>
    </ClInclude>
    <ClInclude Include="..\gt2Encode.h">
      <Filter>TransportSDK\Header Files</Filter>
    </ClInclude>
    <ClInclude Include="..\gt2Filter.h">
      <Filter>TransportSDK\Header Files</Filter>
    </ClInclude>
    <ClInclude Include="..\gt2Main.h">
      <Filter>TransportSDK\Header Files</Filter>
    </ClInclude>
    <ClInclude Include="..\gt2Message.h">
      <Filter>TransportSDK\Header Files</Filter>
    </ClInclude>
    <ClInclude Include="..\gt2Socket.h">
      <Filter>TransportSDK\Header Files</Filter>
    </ClInclude>
    <ClInclude Include="..\gt2Utility.h">
      <Filter>TransportSDK\Header Files</Filter>
    </ClInclude>
    <ClInclude Include="..\..\qr2\qr2.h">
      <Filter>QueryReporting2SDK\Header Files</Filter>
    </ClInclude>
    <ClInclude Include="..\..\darray.h">
      <Filter>GsCommon\Header Files</Filter>
    </ClInclude>
    <ClInclude Include="..\..\common\gsAssert.h">
      <Filter>GsCommon\Header Files</Filter>
    </ClInclude>
    <ClInclude Include="..\..\common\gsAvailable.h">
      <Filter>GsCommon\Header Files</Filter>
    </ClInclude>
    <ClInclude Include="..\..\common\gsCommon.h">
      <Filter>GsCommon\Header Files</Filter>
    </ClInclude>
    <ClInclude Include="..\..\common\gsDebug.h">
      <Filter>GsCommon\Header Files</Filter>
    </ClInclude>
    <ClInclude Include="..\..\common\gsMemory.h">
      <Filter>GsCommon\Header Files</Filter>
    </ClInclude>
    <ClInclude Include="..\..\common\gsPlatform.h">
      <Filter>GsCommon\Header Files</Filter>
    </ClInclude>
    <ClInclude Include="..\..\common\gsPlatformSocket.h">
      <Filter>GsCommon\Header Files</Filter>
    </ClInclude>
    <ClInclude Include="..\..\common\gsPlatformThread.h">
      <Filter>GsCommon\Header Files</Filter>
    </ClInclude>
    <ClInclude Include="..\..\common\gsPlatformUtil.h">
      <Filter>GsCommon\Header Files</Filter>
    </ClInclude>
    <ClInclude Include="..\..\common\gsStringUtil.h">
      <Filter>GsCommon\Header Files</Filter>
    </ClInclude>
    <ClInclude Include="..\..\hashtable.h">
      <Filter>GsCommon\Header Files</Filter>
    </ClInclude>
    <ClInclude Include="..\..\natneg\NATify.h">
      <Filter>NatNeg\Header Files</Filter>
    </ClInclude>
    <ClInclude Include="..\..\natneg\natneg.h">
      <Filter>NatNeg\Header Files</Filter>
    </ClInclude>
    <ClInclude Include="..\..\natneg\nninternal.h">
      <Filter>NatNeg\Header Files</Filter>
    </ClInclude>
  </ItemGroup>
</Project>