<?xml version="1.0" encoding="utf-8"?>
<Project ToolsVersion="4.0" xmlns="http://schemas.microsoft.com/developer/msbuild/2003">
  <ItemGroup>
    <Filter Include="Source Files">
      <UniqueIdentifier>{e1bacbf8-fa10-4a3d-95fa-b466ce372994}</UniqueIdentifier>
      <Extensions>cpp;c;cxx;rc;def;r;odl;idl;hpj;bat</Extensions>
    </Filter>
    <Filter Include="Header Files">
      <UniqueIdentifier>{9eed73f7-c8ca-4d1a-9a45-922a14cc8b9b}</UniqueIdentifier>
      <Extensions>h;hpp;hxx;hm;inl</Extensions>
    </Filter>
  </ItemGroup>
  <ItemGroup>
    <ClCompile Include="sakeMain.c">
      <Filter>Source Files</Filter>
    </ClCompile>
    <ClCompile Include="sakeRequest.c">
      <Filter>Source Files</Filter>
    </ClCompile>
    <ClCompile Include="sakeRequestMisc.c">
      <Filter>Source Files</Filter>
    </ClCompile>
    <ClCompile Include="sakeRequestModify.c">
      <Filter>Source Files</Filter>
    </ClCompile>
    <ClCompile Include="sakeRequestRead.c">
      <Filter>Source Files</Filter>
    </ClCompile>
  </ItemGroup>
  <ItemGroup>
    <ClInclude Include="sake.h">
      <Filter>Header Files</Filter>
    </ClInclude>
    <ClInclude Include="sakeMain.h">
      <Filter>Header Files</Filter>
    </ClInclude>
    <ClInclude Include="sakeRequest.h">
      <Filter>Header Files</Filter>
    </ClInclude>
    <ClInclude Include="sakeRequestInternal.h">
      <Filter>Header Files</Filter>
    </ClInclude>
  </ItemGroup>
</Project>