<?xml version="1.0" encoding="utf-8"?>
<Project ToolsVersion="4.0" xmlns="http://schemas.microsoft.com/developer/msbuild/2003">
  <ItemGroup>
    <Filter Include="Source Files">
      <UniqueIdentifier>{94ee3b91-b1c6-4c20-8b46-169a62506f0f}</UniqueIdentifier>
      <Extensions>cpp;c;cxx;rc;def;r;odl;idl;hpj;bat</Extensions>
    </Filter>
    <Filter Include="GOA">
      <UniqueIdentifier>{30cefe5b-338f-4b42-96ed-921132a47479}</UniqueIdentifier>
    </Filter>
    <Filter Include="GOA\SC">
      <UniqueIdentifier>{2f14e6c9-9ba0-46c7-b411-425bbfb40f60}</UniqueIdentifier>
    </Filter>
    <Filter Include="GOA\Common">
      <UniqueIdentifier>{ddd65a40-b53d-4a33-b4b7-d11c5f35e3b1}</UniqueIdentifier>
    </Filter>
    <Filter Include="GOA\ghttp">
      <UniqueIdentifier>{e0b11c50-c4f5-46a5-a23a-5cd52d0904de}</UniqueIdentifier>
    </Filter>
    <Filter Include="GOA\webservices">
      <UniqueIdentifier>{aebb3bac-6031-4eb3-ad06-ec68f789e806}</UniqueIdentifier>
    </Filter>
    <Filter Include="Header Files">
      <UniqueIdentifier>{0fa4ad6e-266d-4a25-834d-104dc1ab35dc}</UniqueIdentifier>
      <Extensions>h;hpp;hxx;hm;inl</Extensions>
    </Filter>
    <Filter Include="Resource Files">
      <UniqueIdentifier>{d3a1ba85-35f1-445d-82e9-3cd08d330f81}</UniqueIdentifier>
      <Extensions>ico;cur;bmp;dlg;rc2;rct;bin;rgs;gif;jpg;jpeg;jpe</Extensions>
    </Filter>
  </ItemGroup>
  <ItemGroup>
    <ClCompile Include="sctest.c">
      <Filter>Source Files</Filter>
    </ClCompile>
    <ClCompile Include="..\..\common\win32\Win32Common.c">
      <Filter>Source Files</Filter>
    </ClCompile>
    <ClCompile Include="..\sciInterface.c">
      <Filter>GOA\SC</Filter>
    </ClCompile>
    <ClCompile Include="..\sciMain.c">
      <Filter>GOA\SC</Filter>
    </ClCompile>
    <ClCompile Include="..\sciReport.c">
      <Filter>GOA\SC</Filter>
    </ClCompile>
    <ClCompile Include="..\sciSerialize.c">
      <Filter>GOA\SC</Filter>
    </ClCompile>
    <ClCompile Include="..\sciWebServices.c">
      <Filter>GOA\SC</Filter>
    </ClCompile>
    <ClCompile Include="..\..\darray.c">
      <Filter>GOA\Common</Filter>
    </ClCompile>
    <ClCompile Include="..\..\common\gsAssert.c">
      <Filter>GOA\Common</Filter>
    </ClCompile>
    <ClCompile Include="..\..\common\gsAvailable.c">
      <Filter>GOA\Common</Filter>
    </ClCompile>
    <ClCompile Include="..\..\common\gsCore.c">
      <Filter>GOA\Common</Filter>
    </ClCompile>
    <ClCompile Include="..\..\common\gsCrypt.c">
      <Filter>GOA\Common</Filter>
    </ClCompile>
    <ClCompile Include="..\..\common\gsDebug.c">
      <Filter>GOA\Common</Filter>
    </ClCompile>
    <ClCompile Include="..\..\common\gsLargeInt.c">
      <Filter>GOA\Common</Filter>
    </ClCompile>
    <ClCompile Include="..\..\common\gsMemory.c">
      <Filter>GOA\Common</Filter>
    </ClCompile>
    <ClCompile Include="..\..\common\gsPlatform.c">
      <Filter>GOA\Common</Filter>
    </ClCompile>
    <ClCompile Include="..\..\common\gsPlatformSocket.c">
      <Filter>GOA\Common</Filter>
    </ClCompile>
    <ClCompile Include="..\..\common\gsPlatformThread.c">
      <Filter>GOA\Common</Filter>
    </ClCompile>
    <ClCompile Include="..\..\common\gsPlatformUtil.c">
      <Filter>GOA\Common</Filter>
    </ClCompile>
    <ClCompile Include="..\..\common\gsRC4.c">
      <Filter>GOA\Common</Filter>
    </ClCompile>
    <ClCompile Include="..\..\common\gsSHA1.c">
      <Filter>GOA\Common</Filter>
    </ClCompile>
    <ClCompile Include="..\..\common\gsSoap.c">
      <Filter>GOA\Common</Filter>
    </ClCompile>
    <ClCompile Include="..\..\common\gsSSL.c">
      <Filter>GOA\Common</Filter>
    </ClCompile>
    <ClCompile Include="..\..\common\gsStringUtil.c">
      <Filter>GOA\Common</Filter>
    </ClCompile>
    <ClCompile Include="..\..\common\gsXML.c">
      <Filter>GOA\Common</Filter>
    </ClCompile>
    <ClCompile Include="..\..\hashtable.c">
      <Filter>GOA\Common</Filter>
    </ClCompile>
    <ClCompile Include="..\..\md5c.c">
      <Filter>GOA\Common</Filter>
    </ClCompile>
    <ClCompile Include="..\..\ghttp\ghttpBuffer.c">
      <Filter>GOA\ghttp</Filter>
    </ClCompile>
    <ClCompile Include="..\..\ghttp\ghttpCallbacks.c">
      <Filter>GOA\ghttp</Filter>
    </ClCompile>
    <ClCompile Include="..\..\ghttp\ghttpCommon.c">
      <Filter>GOA\ghttp</Filter>
    </ClCompile>
    <ClCompile Include="..\..\ghttp\ghttpConnection.c">
      <Filter>GOA\ghttp</Filter>
    </ClCompile>
    <ClCompile Include="..\..\ghttp\ghttpEncryption.c">
      <Filter>GOA\ghttp</Filter>
    </ClCompile>
    <ClCompile Include="..\..\ghttp\ghttpMain.c">
      <Filter>GOA\ghttp</Filter>
    </ClCompile>
    <ClCompile Include="..\..\ghttp\ghttpPost.c">
      <Filter>GOA\ghttp</Filter>
    </ClCompile>
    <ClCompile Include="..\..\ghttp\ghttpProcess.c">
      <Filter>GOA\ghttp</Filter>
    </ClCompile>
    <ClCompile Include="..\..\webservices\AuthService.c">
      <Filter>GOA\webservices</Filter>
    </ClCompile>
  </ItemGroup>
  <ItemGroup>
    <ClInclude Include="..\sc.h">
      <Filter>GOA\SC</Filter>
    </ClInclude>
    <ClInclude Include="..\sci.h">
      <Filter>GOA\SC</Filter>
    </ClInclude>
    <ClInclude Include="..\sciInterface.h">
      <Filter>GOA\SC</Filter>
    </ClInclude>
    <ClInclude Include="..\sciReport.h">
      <Filter>GOA\SC</Filter>
    </ClInclude>
    <ClInclude Include="..\sciSerialize.h">
      <Filter>GOA\SC</Filter>
    </ClInclude>
    <ClInclude Include="..\sciWebServices.h">
      <Filter>GOA\SC</Filter>
    </ClInclude>
    <ClInclude Include="..\..\darray.h">
      <Filter>GOA\Common</Filter>
    </ClInclude>
    <ClInclude Include="..\..\common\gsAssert.h">
      <Filter>GOA\Common</Filter>
    </ClInclude>
    <ClInclude Include="..\..\common\gsAvailable.h">
      <Filter>GOA\Common</Filter>
    </ClInclude>
    <ClInclude Include="..\..\common\gsCommon.h">
      <Filter>GOA\Common</Filter>
    </ClInclude>
    <ClInclude Include="..\..\common\gsCore.h">
      <Filter>GOA\Common</Filter>
    </ClInclude>
    <ClInclude Include="..\..\common\gsCrypt.h">
      <Filter>GOA\Common</Filter>
    </ClInclude>
    <ClInclude Include="..\..\common\gsDebug.h">
      <Filter>GOA\Common</Filter>
    </ClInclude>
    <ClInclude Include="..\..\common\gsLargeInt.h">
      <Filter>GOA\Common</Filter>
    </ClInclude>
    <ClInclude Include="..\..\common\gsMemory.h">
      <Filter>GOA\Common</Filter>
    </ClInclude>
    <ClInclude Include="..\..\common\gsPlatform.h">
      <Filter>GOA\Common</Filter>
    </ClInclude>
    <ClInclude Include="..\..\common\gsPlatformSocket.h">
      <Filter>GOA\Common</Filter>
    </ClInclude>
    <ClInclude Include="..\..\common\gsPlatformThread.h">
      <Filter>GOA\Common</Filter>
    </ClInclude>
    <ClInclude Include="..\..\common\gsPlatformUtil.h">
      <Filter>GOA\Common</Filter>
    </ClInclude>
    <ClInclude Include="..\..\common\gsRC4.h">
      <Filter>GOA\Common</Filter>
    </ClInclude>
    <ClInclude Include="..\..\common\gsSHA1.h">
      <Filter>GOA\Common</Filter>
    </ClInclude>
    <ClInclude Include="..\..\common\gsSoap.h">
      <Filter>GOA\Common</Filter>
    </ClInclude>
    <ClInclude Include="..\..\common\gsSSL.h">
      <Filter>GOA\Common</Filter>
    </ClInclude>
    <ClInclude Include="..\..\common\gsStringUtil.h">
      <Filter>GOA\Common</Filter>
    </ClInclude>
    <ClInclude Include="..\..\common\gsXML.h">
      <Filter>GOA\Common</Filter>
    </ClInclude>
    <ClInclude Include="..\..\hashtable.h">
      <Filter>GOA\Common</Filter>
    </ClInclude>
    <ClInclude Include="..\..\md5.h">
      <Filter>GOA\Common</Filter>
    </ClInclude>
    <ClInclude Include="..\..\nonport.h">
      <Filter>GOA\Common</Filter>
    </ClInclude>
    <ClInclude Include="..\..\ghttp\ghttp.h">
      <Filter>GOA\ghttp</Filter>
    </ClInclude>
    <ClInclude Include="..\..\ghttp\ghttpASCII.h">
      <Filter>GOA\ghttp</Filter>
    </ClInclude>
    <ClInclude Include="..\..\ghttp\ghttpBuffer.h">
      <Filter>GOA\ghttp</Filter>
    </ClInclude>
    <ClInclude Include="..\..\ghttp\ghttpCallbacks.h">
      <Filter>GOA\ghttp</Filter>
    </ClInclude>
    <ClInclude Include="..\..\ghttp\ghttpCommon.h">
      <Filter>GOA\ghttp</Filter>
    </ClInclude>
    <ClInclude Include="..\..\ghttp\ghttpConnection.h">
      <Filter>GOA\ghttp</Filter>
    </ClInclude>
    <ClInclude Include="..\..\ghttp\ghttpEncryption.h">
      <Filter>GOA\ghttp</Filter>
    </ClInclude>
    <ClInclude Include="..\..\ghttp\ghttpMain.h">
      <Filter>GOA\ghttp</Filter>
    </ClInclude>
    <ClInclude Include="..\..\ghttp\ghttpPost.h">
      <Filter>GOA\ghttp</Filter>
    </ClInclude>
    <ClInclude Include="..\..\ghttp\ghttpProcess.h">
      <Filter>GOA\ghttp</Filter>
    </ClInclude>
    <ClInclude Include="..\..\webservices\AuthService.h">
      <Filter>GOA\webservices</Filter>
    </ClInclude>
  </ItemGroup>
</Project>