<?xml version="1.0" encoding="utf-8"?>
<Project ToolsVersion="4.0" xmlns="http://schemas.microsoft.com/developer/msbuild/2003">
  <ItemGroup>
    <Filter Include="Source Files">
      <UniqueIdentifier>{8c2950ba-a7e3-4cb6-bbbd-a4801a0a7eca}</UniqueIdentifier>
      <Extensions>cpp;c;cxx;rc;def;r;odl;idl;hpj;bat</Extensions>
    </Filter>
    <Filter Include="Header Files">
      <UniqueIdentifier>{b25fab09-3636-40c2-9072-142ba1858c9f}</UniqueIdentifier>
      <Extensions>h;hpp;hxx;hm;inl</Extensions>
    </Filter>
    <Filter Include="common">
      <UniqueIdentifier>{67b399b2-ca9f-4b5b-b5eb-21f95257de20}</UniqueIdentifier>
    </Filter>
  </ItemGroup>
  <ItemGroup>
    <ClCompile Include="pingerMain.c">
      <Filter>Source Files</Filter>
    </ClCompile>
    <ClCompile Include="..\darray.c">
      <Filter>common</Filter>
    </ClCompile>
    <ClCompile Include="..\common\gsAvailable.c">
      <Filter>common</Filter>
    </ClCompile>
    <ClCompile Include="..\common\gsPlatform.c">
      <Filter>common</Filter>
    </ClCompile>
    <ClCompile Include="..\common\gsPlatformSocket.c">
      <Filter>common</Filter>
    </ClCompile>
    <ClCompile Include="..\common\gsPlatformThread.c">
      <Filter>common</Filter>
    </ClCompile>
    <ClCompile Include="..\common\gsPlatformUtil.c">
      <Filter>common</Filter>
    </ClCompile>
  </ItemGroup>
  <ItemGroup>
    <ClInclude Include="pinger.h">
      <Filter>Header Files</Filter>
    </ClInclude>
    <ClInclude Include="..\darray.h">
      <Filter>common</Filter>
    </ClInclude>
    <ClInclude Include="..\common\gsAvailable.h">
      <Filter>common</Filter>
    </ClInclude>
    <ClInclude Include="..\common\gsCommon.h">
      <Filter>common</Filter>
    </ClInclude>
    <ClInclude Include="..\common\gsPlatform.h">
      <Filter>common</Filter>
    </ClInclude>
    <ClInclude Include="..\common\gsPlatformSocket.h">
      <Filter>common</Filter>
    </ClInclude>
    <ClInclude Include="..\common\gsPlatformThread.h">
      <Filter>common</Filter>
    </ClInclude>
    <ClInclude Include="..\common\gsPlatformUtil.h">
      <Filter>common</Filter>
    </ClInclude>
  </ItemGroup>
</Project>