<?xml version="1.0" encoding="utf-8"?>
<Project ToolsVersion="4.0" xmlns="http://schemas.microsoft.com/developer/msbuild/2003">
  <ItemGroup>
    <Filter Include="Source Files">
      <UniqueIdentifier>{204c8e7e-4b58-4281-80c5-6491d6636e71}</UniqueIdentifier>
      <Extensions>cpp;c;cxx;rc;def;r;odl;idl;hpj;bat</Extensions>
    </Filter>
    <Filter Include="Header Files">
      <UniqueIdentifier>{6f9b1d79-3782-4355-a5c6-53153f34ed6a}</UniqueIdentifier>
      <Extensions>h;hpp;hxx;hm;inl</Extensions>
    </Filter>
    <Filter Include="Resource Files">
      <UniqueIdentifier>{636d9004-7d41-4e78-95b8-7c32862f66ce}</UniqueIdentifier>
      <Extensions>ico;cur;bmp;dlg;rc2;rct;bin;rgs;gif;jpg;jpeg;jpe</Extensions>
    </Filter>
    <Filter Include="PeerSDK">
      <UniqueIdentifier>{debf0844-fef8-4756-989e-c7bf98688eb9}</UniqueIdentifier>
    </Filter>
    <Filter Include="PeerSDK\Source">
      <UniqueIdentifier>{c9bc7e70-cc4f-47bd-a943-48d6ab451e9c}</UniqueIdentifier>
    </Filter>
    <Filter Include="PeerSDK\Headers">
      <UniqueIdentifier>{15d053f1-7b98-4aab-9e66-b62e598a1879}</UniqueIdentifier>
    </Filter>
    <Filter Include="PeerSDK\ChatSDK">
      <UniqueIdentifier>{458b7d26-8832-4733-81dc-cbf83837c31c}</UniqueIdentifier>
    </Filter>
    <Filter Include="PeerSDK\ServerBrowsingSDK">
      <UniqueIdentifier>{553467bb-00c0-403b-b609-a5cd5cec6686}</UniqueIdentifier>
    </Filter>
    <Filter Include="PeerSDK\Qr2SDK">
      <UniqueIdentifier>{59470aa1-bfe0-42a4-b33f-2e41c4c48913}</UniqueIdentifier>
    </Filter>
    <Filter Include="PeerSDK\Pinger">
      <UniqueIdentifier>{965eae58-3726-42c4-9d2e-1a14e3279e45}</UniqueIdentifier>
    </Filter>
    <Filter Include="PeerSDK\NatNegSDK">
      <UniqueIdentifier>{7d6f4a8f-22d4-4d58-9e53-4f15499a9967}</UniqueIdentifier>
    </Filter>
    <Filter Include="GsCommon">
      <UniqueIdentifier>{d83676b9-63c1-4c7d-878a-84abadcb4db1}</UniqueIdentifier>
    </Filter>
    <Filter Include="NatNeg">
      <UniqueIdentifier>{1f7eaf13-696f-489d-858b-2aa8247c0f4e}</UniqueIdentifier>
    </Filter>
    <Filter Include="NatNeg\Source Files">
      <UniqueIdentifier>{87e97ddc-e531-4b58-8377-9330f379093d}</UniqueIdentifier>
    </Filter>
    <Filter Include="NatNeg\Header Files">
      <UniqueIdentifier>{5c4395ba-c926-4980-b022-feeb099f4e98}</UniqueIdentifier>
    </Filter>
  </ItemGroup>
  <ItemGroup>
    <ClCompile Include="PeerTest.cpp">
      <Filter>Source Files</Filter>
    </ClCompile>
    <ClCompile Include="PeerTestDlg.cpp">
      <Filter>Source Files</Filter>
    </ClCompile>
    <ClCompile Include="StdAfx.cpp">
      <Filter>Source Files</Filter>
    </ClCompile>
    <ClCompile Include="..\peerAutoMatch.c">
      <Filter>PeerSDK\Source</Filter>
    </ClCompile>
    <ClCompile Include="..\peerCallbacks.c">
      <Filter>PeerSDK\Source</Filter>
    </ClCompile>
    <ClCompile Include="..\peerGlobalCallbacks.c">
      <Filter>PeerSDK\Source</Filter>
    </ClCompile>
    <ClCompile Include="..\peerHost.c">
      <Filter>PeerSDK\Source</Filter>
    </ClCompile>
    <ClCompile Include="..\peerKeys.c">
      <Filter>PeerSDK\Source</Filter>
    </ClCompile>
    <ClCompile Include="..\peerMain.c">
      <Filter>PeerSDK\Source</Filter>
    </ClCompile>
    <ClCompile Include="..\peerMangle.c">
      <Filter>PeerSDK\Source</Filter>
    </ClCompile>
    <ClCompile Include="..\peerOperations.c">
      <Filter>PeerSDK\Source</Filter>
    </ClCompile>
    <ClCompile Include="..\peerPing.c">
      <Filter>PeerSDK\Source</Filter>
    </ClCompile>
    <ClCompile Include="..\peerPlayers.c">
      <Filter>PeerSDK\Source</Filter>
    </ClCompile>
    <ClCompile Include="..\peerQR.c">
      <Filter>PeerSDK\Source</Filter>
    </ClCompile>
    <ClCompile Include="..\peerRooms.c">
      <Filter>PeerSDK\Source</Filter>
    </ClCompile>
    <ClCompile Include="..\peerSB.c">
      <Filter>PeerSDK\Source</Filter>
    </ClCompile>
    <ClCompile Include="..\..\Chat\chatCallbacks.c">
      <Filter>PeerSDK\ChatSDK</Filter>
    </ClCompile>
    <ClCompile Include="..\..\Chat\chatChannel.c">
      <Filter>PeerSDK\ChatSDK</Filter>
    </ClCompile>
    <ClCompile Include="..\..\Chat\chatCrypt.c">
      <Filter>PeerSDK\ChatSDK</Filter>
    </ClCompile>
    <ClCompile Include="..\..\Chat\chatHandlers.c">
      <Filter>PeerSDK\ChatSDK</Filter>
    </ClCompile>
    <ClCompile Include="..\..\Chat\chatMain.c">
      <Filter>PeerSDK\ChatSDK</Filter>
    </ClCompile>
    <ClCompile Include="..\..\Chat\chatSocket.c">
      <Filter>PeerSDK\ChatSDK</Filter>
    </ClCompile>
    <ClCompile Include="..\..\serverbrowsing\sb_crypt.c">
      <Filter>PeerSDK\ServerBrowsingSDK</Filter>
    </ClCompile>
    <ClCompile Include="..\..\serverbrowsing\sb_queryengine.c">
      <Filter>PeerSDK\ServerBrowsingSDK</Filter>
    </ClCompile>
    <ClCompile Include="..\..\serverbrowsing\sb_server.c">
      <Filter>PeerSDK\ServerBrowsingSDK</Filter>
    </ClCompile>
    <ClCompile Include="..\..\serverbrowsing\sb_serverlist.c">
      <Filter>PeerSDK\ServerBrowsingSDK</Filter>
    </ClCompile>
    <ClCompile Include="..\..\qr2\qr2.c">
      <Filter>PeerSDK\Qr2SDK</Filter>
    </ClCompile>
    <ClCompile Include="..\..\qr2\qr2regkeys.c">
      <Filter>PeerSDK\Qr2SDK</Filter>
    </ClCompile>
    <ClCompile Include="..\..\pinger\pingerMain.c">
      <Filter>PeerSDK\Pinger</Filter>
    </ClCompile>
    <ClCompile Include="..\..\darray.c">
      <Filter>GsCommon</Filter>
    </ClCompile>
    <ClCompile Include="..\..\common\gsAssert.c">
      <Filter>GsCommon</Filter>
    </ClCompile>
    <ClCompile Include="..\..\common\gsAvailable.c">
      <Filter>GsCommon</Filter>
    </ClCompile>
    <ClCompile Include="..\..\common\gsDebug.c">
      <Filter>GsCommon</Filter>
    </ClCompile>
    <ClCompile Include="..\..\common\gsMemory.c">
      <Filter>GsCommon</Filter>
    </ClCompile>
    <ClCompile Include="..\..\common\gsPlatform.c">
      <Filter>GsCommon</Filter>
    </ClCompile>
    <ClCompile Include="..\..\common\gsPlatformSocket.c">
      <Filter>GsCommon</Filter>
    </ClCompile>
    <ClCompile Include="..\..\common\gsPlatformThread.c">
      <Filter>GsCommon</Filter>
    </ClCompile>
    <ClCompile Include="..\..\common\gsPlatformUtil.c">
      <Filter>GsCommon</Filter>
    </ClCompile>
    <ClCompile Include="..\..\common\gsStringUtil.c">
      <Filter>GsCommon</Filter>
    </ClCompile>
    <ClCompile Include="..\..\hashtable.c">
      <Filter>GsCommon</Filter>
    </ClCompile>
    <ClCompile Include="..\..\md5c.c">
      <Filter>GsCommon</Filter>
    </ClCompile>
    <ClCompile Include="..\..\natneg\NATify.c">
      <Filter>NatNeg\Source Files</Filter>
    </ClCompile>
    <ClCompile Include="..\..\natneg\natneg.c">
      <Filter>NatNeg\Source Files</Filter>
    </ClCompile>
  </ItemGroup>
  <ItemGroup>
    <ResourceCompile Include="PeerTest.rc">
      <Filter>Source Files</Filter>
    </ResourceCompile>
  </ItemGroup>
  <ItemGroup>
    <ClInclude Include="PeerTest.h">
      <Filter>Header Files</Filter>
    </ClInclude>
    <ClInclude Include="PeerTestDlg.h">
      <Filter>Header Files</Filter>
    </ClInclude>
    <ClInclude Include="Resource.h">
      <Filter>Header Files</Filter>
    </ClInclude>
    <ClInclude Include="StdAfx.h">
      <Filter>Header Files</Filter>
    </ClInclude>
    <ClInclude Include="..\peer.h">
      <Filter>PeerSDK\Headers</Filter>
    </ClInclude>
    <ClInclude Include="..\peerAutoMatch.h">
      <Filter>PeerSDK\Headers</Filter>
    </ClInclude>
    <ClInclude Include="..\peerCallbacks.h">
      <Filter>PeerSDK\Headers</Filter>
    </ClInclude>
    <ClInclude Include="..\peerGlobalCallbacks.h">
      <Filter>PeerSDK\Headers</Filter>
    </ClInclude>
    <ClInclude Include="..\peerHost.h">
      <Filter>PeerSDK\Headers</Filter>
    </ClInclude>
    <ClInclude Include="..\peerKeys.h">
      <Filter>PeerSDK\Headers</Filter>
    </ClInclude>
    <ClInclude Include="..\peerMain.h">
      <Filter>PeerSDK\Headers</Filter>
    </ClInclude>
    <ClInclude Include="..\peerMangle.h">
      <Filter>PeerSDK\Headers</Filter>
    </ClInclude>
    <ClInclude Include="..\peerOperations.h">
      <Filter>PeerSDK\Headers</Filter>
    </ClInclude>
    <ClInclude Include="..\peerPing.h">
      <Filter>PeerSDK\Headers</Filter>
    </ClInclude>
    <ClInclude Include="..\peerPlayers.h">
      <Filter>PeerSDK\Headers</Filter>
    </ClInclude>
    <ClInclude Include="..\peerQR.h">
      <Filter>PeerSDK\Headers</Filter>
    </ClInclude>
    <ClInclude Include="..\peerRooms.h">
      <Filter>PeerSDK\Headers</Filter>
    </ClInclude>
    <ClInclude Include="..\peerSB.h">
      <Filter>PeerSDK\Headers</Filter>
    </ClInclude>
    <ClInclude Include="..\..\Chat\chat.h">
      <Filter>PeerSDK\ChatSDK</Filter>
    </ClInclude>
    <ClInclude Include="..\..\Chat\chatASCII.h">
      <Filter>PeerSDK\ChatSDK</Filter>
    </ClInclude>
    <ClInclude Include="..\..\Chat\chatCallbacks.h">
      <Filter>PeerSDK\ChatSDK</Filter>
    </ClInclude>
    <ClInclude Include="..\..\Chat\chatChannel.h">
      <Filter>PeerSDK\ChatSDK</Filter>
    </ClInclude>
    <ClInclude Include="..\..\Chat\chatCrypt.h">
      <Filter>PeerSDK\ChatSDK</Filter>
    </ClInclude>
    <ClInclude Include="..\..\Chat\chatHandlers.h">
      <Filter>PeerSDK\ChatSDK</Filter>
    </ClInclude>
    <ClInclude Include="..\..\Chat\chatMain.h">
      <Filter>PeerSDK\ChatSDK</Filter>
    </ClInclude>
    <ClInclude Include="..\..\Chat\chatSocket.h">
      <Filter>PeerSDK\ChatSDK</Filter>
    </ClInclude>
    <ClInclude Include="..\..\serverbrowsing\sb_ascii.h">
      <Filter>PeerSDK\ServerBrowsingSDK</Filter>
    </ClInclude>
    <ClInclude Include="..\..\serverbrowsing\sb_crypt.h">
      <Filter>PeerSDK\ServerBrowsingSDK</Filter>
    </ClInclude>
    <ClInclude Include="..\..\serverbrowsing\sb_internal.h">
      <Filter>PeerSDK\ServerBrowsingSDK</Filter>
    </ClInclude>
    <ClInclude Include="..\..\qr2\qr2.h">
      <Filter>PeerSDK\Qr2SDK</Filter>
    </ClInclude>
    <ClInclude Include="..\..\qr2\qr2regkeys.h">
      <Filter>PeerSDK\Qr2SDK</Filter>
    </ClInclude>
    <ClInclude Include="..\..\pinger\pinger.h">
      <Filter>PeerSDK\Pinger</Filter>
    </ClInclude>
    <ClInclude Include="..\..\darray.h">
      <Filter>GsCommon</Filter>
    </ClInclude>
    <ClInclude Include="..\..\common\gsAvailable.h">
      <Filter>GsCommon</Filter>
    </ClInclude>
    <ClInclude Include="..\..\common\gsCommon.h">
      <Filter>GsCommon</Filter>
    </ClInclude>
    <ClInclude Include="..\..\common\gsDebug.h">
      <Filter>GsCommon</Filter>
    </ClInclude>
    <ClInclude Include="..\..\common\gsMemory.h">
      <Filter>GsCommon</Filter>
    </ClInclude>
    <ClInclude Include="..\..\common\gsPlatform.h">
      <Filter>GsCommon</Filter>
    </ClInclude>
    <ClInclude Include="..\..\common\gsPlatformSocket.h">
      <Filter>GsCommon</Filter>
    </ClInclude>
    <ClInclude Include="..\..\common\gsPlatformThread.h">
      <Filter>GsCommon</Filter>
    </ClInclude>
    <ClInclude Include="..\..\common\gsPlatformUtil.h">
      <Filter>GsCommon</Filter>
    </ClInclude>
    <ClInclude Include="..\..\common\gsStringUtil.h">
      <Filter>GsCommon</Filter>
    </ClInclude>
    <ClInclude Include="..\..\hashtable.h">
      <Filter>GsCommon</Filter>
    </ClInclude>
    <ClInclude Include="..\..\md5.h">
      <Filter>GsCommon</Filter>
    </ClInclude>
    <ClInclude Include="..\..\natneg\NATify.h">
      <Filter>NatNeg\Header Files</Filter>
    </ClInclude>
    <ClInclude Include="..\..\natneg\natneg.h">
      <Filter>NatNeg\Header Files</Filter>
    </ClInclude>
    <ClInclude Include="..\..\natneg\nninternal.h">
      <Filter>NatNeg\Header Files</Filter>
    </ClInclude>
  </ItemGroup>
  <ItemGroup>
    <Image Include="res\PeerTest.ico">
      <Filter>Resource Files</Filter>
    </Image>
  </ItemGroup>
  <ItemGroup>
    <None Include="res\PeerTest.rc2">
      <Filter>Resource Files</Filter>
    </None>
  </ItemGroup>
  <ItemGroup>
    <Text Include="ReadMe.txt" />
  </ItemGroup>
</Project>