<?xml version="1.0" encoding="utf-8"?>
<Project ToolsVersion="4.0" xmlns="http://schemas.microsoft.com/developer/msbuild/2003">
  <ItemGroup>
    <Filter Include="Source Files">
      <UniqueIdentifier>{dba41226-6627-464e-800e-dcb73263a71f}</UniqueIdentifier>
      <Extensions>cpp;c;cxx;rc;def;r;odl;idl;hpj;bat</Extensions>
    </Filter>
    <Filter Include="Header Files">
      <UniqueIdentifier>{b5f76de5-780e-4eed-85ac-1488e7da0b7c}</UniqueIdentifier>
      <Extensions>h;hpp;hxx;hm;inl</Extensions>
    </Filter>
    <Filter Include="GsCommon">
      <UniqueIdentifier>{e590e304-c9cc-47a7-b3e1-eb3bd9cd566f}</UniqueIdentifier>
    </Filter>
    <Filter Include="GsCommon\Source Files">
      <UniqueIdentifier>{5f661657-9999-4d20-8953-8e3335ad5d58}</UniqueIdentifier>
    </Filter>
    <Filter Include="GsCommon\Header Files">
      <UniqueIdentifier>{e1248dde-b934-45ba-a689-57e6617842df}</UniqueIdentifier>
    </Filter>
    <Filter Include="HttpSDK">
      <UniqueIdentifier>{beaa513f-11bd-4d0f-b57e-a5d44e884a80}</UniqueIdentifier>
    </Filter>
    <Filter Include="HttpSDK\Source Files">
      <UniqueIdentifier>{e1f490e7-e2b5-4b26-bf5a-4ab33696906b}</UniqueIdentifier>
    </Filter>
    <Filter Include="HttpSDK\Header Files">
      <UniqueIdentifier>{d0839df2-b8b0-425b-9e15-d1b856e6a744}</UniqueIdentifier>
    </Filter>
  </ItemGroup>
  <ItemGroup>
    <ClCompile Include="ghttpc.c">
      <Filter>Source Files</Filter>
    </ClCompile>
    <ClCompile Include="..\..\darray.c">
      <Filter>GsCommon\Source Files</Filter>
    </ClCompile>
    <ClCompile Include="..\..\common\gsAssert.c">
      <Filter>GsCommon\Source Files</Filter>
    </ClCompile>
    <ClCompile Include="..\..\common\gsCrypt.c">
      <Filter>GsCommon\Source Files</Filter>
    </ClCompile>
    <ClCompile Include="..\..\common\gsDebug.c">
      <Filter>GsCommon\Source Files</Filter>
    </ClCompile>
    <ClCompile Include="..\..\common\gsLargeInt.c">
      <Filter>GsCommon\Source Files</Filter>
    </ClCompile>
    <ClCompile Include="..\..\common\gsMemory.c">
      <Filter>GsCommon\Source Files</Filter>
    </ClCompile>
    <ClCompile Include="..\..\common\gsPlatform.c">
      <Filter>GsCommon\Source Files</Filter>
    </ClCompile>
    <ClCompile Include="..\..\common\gsPlatformSocket.c">
      <Filter>GsCommon\Source Files</Filter>
    </ClCompile>
    <ClCompile Include="..\..\common\gsPlatformThread.c">
      <Filter>GsCommon\Source Files</Filter>
    </ClCompile>
    <ClCompile Include="..\..\common\gsPlatformUtil.c">
      <Filter>GsCommon\Source Files</Filter>
    </ClCompile>
    <ClCompile Include="..\..\common\gsRC4.c">
      <Filter>GsCommon\Source Files</Filter>
    </ClCompile>
    <ClCompile Include="..\..\common\gsSHA1.c">
      <Filter>GsCommon\Source Files</Filter>
    </ClCompile>
    <ClCompile Include="..\..\common\gsSSL.c">
      <Filter>GsCommon\Source Files</Filter>
    </ClCompile>
    <ClCompile Include="..\..\common\gsStringUtil.c">
      <Filter>GsCommon\Source Files</Filter>
    </ClCompile>
    <ClCompile Include="..\..\common\gsXML.c">
      <Filter>GsCommon\Source Files</Filter>
    </ClCompile>
    <ClCompile Include="..\..\hashtable.c">
      <Filter>GsCommon\Source Files</Filter>
    </ClCompile>
    <ClCompile Include="..\..\md5c.c">
      <Filter>GsCommon\Source Files</Filter>
    </ClCompile>
    <ClCompile Include="..\..\common\win32\Win32Common.c">
      <Filter>GsCommon\Source Files</Filter>
    </ClCompile>
    <ClCompile Include="..\ghttpBuffer.c">
      <Filter>HttpSDK\Source Files</Filter>
    </ClCompile>
    <ClCompile Include="..\ghttpCallbacks.c">
      <Filter>HttpSDK\Source Files</Filter>
    </ClCompile>
    <ClCompile Include="..\ghttpCommon.c">
      <Filter>HttpSDK\Source Files</Filter>
    </ClCompile>
    <ClCompile Include="..\ghttpConnection.c">
      <Filter>HttpSDK\Source Files</Filter>
    </ClCompile>
    <ClCompile Include="..\ghttpEncryption.c">
      <Filter>HttpSDK\Source Files</Filter>
    </ClCompile>
    <ClCompile Include="..\ghttpMain.c">
      <Filter>HttpSDK\Source Files</Filter>
    </ClCompile>
    <ClCompile Include="..\ghttpPost.c">
      <Filter>HttpSDK\Source Files</Filter>
    </ClCompile>
    <ClCompile Include="..\ghttpProcess.c">
      <Filter>HttpSDK\Source Files</Filter>
    </ClCompile>
  </ItemGroup>
  <ItemGroup>
    <ClInclude Include="..\..\darray.h">
      <Filter>GsCommon\Header Files</Filter>
    </ClInclude>
    <ClInclude Include="..\..\common\gsAssert.h">
      <Filter>GsCommon\Header Files</Filter>
    </ClInclude>
    <ClInclude Include="..\..\common\gsCommon.h">
      <Filter>GsCommon\Header Files</Filter>
    </ClInclude>
    <ClInclude Include="..\..\common\gsCrypt.h">
      <Filter>GsCommon\Header Files</Filter>
    </ClInclude>
    <ClInclude Include="..\..\common\gsDebug.h">
      <Filter>GsCommon\Header Files</Filter>
    </ClInclude>
    <ClInclude Include="..\..\common\gsLargeInt.h">
      <Filter>GsCommon\Header Files</Filter>
    </ClInclude>
    <ClInclude Include="..\..\common\gsMemory.h">
      <Filter>GsCommon\Header Files</Filter>
    </ClInclude>
    <ClInclude Include="..\..\common\gsPlatform.h">
      <Filter>GsCommon\Header Files</Filter>
    </ClInclude>
    <ClInclude Include="..\..\common\gsPlatformSocket.h">
      <Filter>GsCommon\Header Files</Filter>
    </ClInclude>
    <ClInclude Include="..\..\common\gsPlatformThread.h">
      <Filter>GsCommon\Header Files</Filter>
    </ClInclude>
    <ClInclude Include="..\..\common\gsPlatformUtil.h">
      <Filter>GsCommon\Header Files</Filter>
    </ClInclude>
    <ClInclude Include="..\..\common\gsRC4.h">
      <Filter>GsCommon\Header Files</Filter>
    </ClInclude>
    <ClInclude Include="..\..\common\gsSHA1.h">
      <Filter>GsCommon\Header Files</Filter>
    </ClInclude>
    <ClInclude Include="..\..\common\gsSSL.h">
      <Filter>GsCommon\Header Files</Filter>
    </ClInclude>
    <ClInclude Include="..\..\common\gsStringUtil.h">
      <Filter>GsCommon\Header Files</Filter>
    </ClInclude>
    <ClInclude Include="..\..\common\gsXML.h">
      <Filter>GsCommon\Header Files</Filter>
    </ClInclude>
    <ClInclude Include="..\..\hashtable.h">
      <Filter>GsCommon\Header Files</Filter>
    </ClInclude>
    <ClInclude Include="..\..\md5.h">
      <Filter>GsCommon\Header Files</Filter>
    </ClInclude>
    <ClInclude Include="..\ghttp.h">
      <Filter>HttpSDK\Header Files</Filter>
    </ClInclude>
    <ClInclude Include="..\ghttpASCII.h">
      <Filter>HttpSDK\Header Files</Filter>
    </ClInclude>
    <ClInclude Include="..\ghttpBuffer.h">
      <Filter>HttpSDK\Header Files</Filter>
    </ClInclude>
    <ClInclude Include="..\ghttpCallbacks.h">
      <Filter>HttpSDK\Header Files</Filter>
    </ClInclude>
    <ClInclude Include="..\ghttpCommon.h">
      <Filter>HttpSDK\Header Files</Filter>
    </ClInclude>
    <ClInclude Include="..\ghttpConnection.h">
      <Filter>HttpSDK\Header Files</Filter>
    </ClInclude>
    <ClInclude Include="..\ghttpEncryption.h">
      <Filter>HttpSDK\Header Files</Filter>
    </ClInclude>
    <ClInclude Include="..\ghttpMain.h">
      <Filter>HttpSDK\Header Files</Filter>
    </ClInclude>
    <ClInclude Include="..\ghttpPost.h">
      <Filter>HttpSDK\Header Files</Filter>
    </ClInclude>
    <ClInclude Include="..\ghttpProcess.h">
      <Filter>HttpSDK\Header Files</Filter>
    </ClInclude>
  </ItemGroup>
</Project>