<?xml version="1.0" encoding="utf-8"?>
<Project ToolsVersion="4.0" xmlns="http://schemas.microsoft.com/developer/msbuild/2003">
  <ItemGroup>
    <Filter Include="Source Files">
      <UniqueIdentifier>{cda660c5-ea0b-4597-bf0c-70a34c868ad7}</UniqueIdentifier>
      <Extensions>cpp;c;cxx;rc;def;r;odl;idl;hpj;bat</Extensions>
    </Filter>
    <Filter Include="GsCommon">
      <UniqueIdentifier>{c157006d-acdf-4c44-af26-bc819fbf6842}</UniqueIdentifier>
    </Filter>
    <Filter Include="PatchingTrackingSDK">
      <UniqueIdentifier>{05e324f1-a4b7-452f-bc40-6783040a5d3a}</UniqueIdentifier>
    </Filter>
    <Filter Include="PatchingTrackingSDK\HttpSDK">
      <UniqueIdentifier>{bb776f03-5939-4322-8e86-c6cea9bc298d}</UniqueIdentifier>
    </Filter>
  </ItemGroup>
  <ItemGroup>
    <ClCompile Include="pttestc.c">
      <Filter>Source Files</Filter>
    </ClCompile>
    <ClCompile Include="..\..\darray.c">
      <Filter>GsCommon</Filter>
    </ClCompile>
    <ClCompile Include="..\..\common\gsAssert.c">
      <Filter>GsCommon</Filter>
    </ClCompile>
    <ClCompile Include="..\..\common\gsAvailable.c">
      <Filter>GsCommon</Filter>
    </ClCompile>
    <ClCompile Include="..\..\common\gsCrypt.c">
      <Filter>GsCommon</Filter>
    </ClCompile>
    <ClCompile Include="..\..\common\gsDebug.c">
      <Filter>GsCommon</Filter>
    </ClCompile>
    <ClCompile Include="..\..\common\gsLargeInt.c">
      <Filter>GsCommon</Filter>
    </ClCompile>
    <ClCompile Include="..\..\common\gsMemory.c">
      <Filter>GsCommon</Filter>
    </ClCompile>
    <ClCompile Include="..\..\common\gsPlatform.c">
      <Filter>GsCommon</Filter>
    </ClCompile>
    <ClCompile Include="..\..\common\gsPlatformSocket.c">
      <Filter>GsCommon</Filter>
    </ClCompile>
    <ClCompile Include="..\..\common\gsPlatformThread.c">
      <Filter>GsCommon</Filter>
    </ClCompile>
    <ClCompile Include="..\..\common\gsPlatformUtil.c">
      <Filter>GsCommon</Filter>
    </ClCompile>
    <ClCompile Include="..\..\common\gsRC4.c">
      <Filter>GsCommon</Filter>
    </ClCompile>
    <ClCompile Include="..\..\common\gsSHA1.c">
      <Filter>GsCommon</Filter>
    </ClCompile>
    <ClCompile Include="..\..\common\gsSSL.c">
      <Filter>GsCommon</Filter>
    </ClCompile>
    <ClCompile Include="..\..\common\gsStringUtil.c">
      <Filter>GsCommon</Filter>
    </ClCompile>
    <ClCompile Include="..\..\common\gsXML.c">
      <Filter>GsCommon</Filter>
    </ClCompile>
    <ClCompile Include="..\..\hashtable.c">
      <Filter>GsCommon</Filter>
    </ClCompile>
    <ClCompile Include="..\..\md5c.c">
      <Filter>GsCommon</Filter>
    </ClCompile>
    <ClCompile Include="..\..\common\win32\Win32Common.c">
      <Filter>GsCommon</Filter>
    </ClCompile>
    <ClCompile Include="..\..\ghttp\ghttpBuffer.c">
      <Filter>PatchingTrackingSDK\HttpSDK</Filter>
    </ClCompile>
    <ClCompile Include="..\..\ghttp\ghttpCallbacks.c">
      <Filter>PatchingTrackingSDK\HttpSDK</Filter>
    </ClCompile>
    <ClCompile Include="..\..\ghttp\ghttpCommon.c">
      <Filter>PatchingTrackingSDK\HttpSDK</Filter>
    </ClCompile>
    <ClCompile Include="..\..\ghttp\ghttpConnection.c">
      <Filter>PatchingTrackingSDK\HttpSDK</Filter>
    </ClCompile>
    <ClCompile Include="..\..\ghttp\ghttpEncryption.c">
      <Filter>PatchingTrackingSDK\HttpSDK</Filter>
    </ClCompile>
    <ClCompile Include="..\..\ghttp\ghttpMain.c">
      <Filter>PatchingTrackingSDK\HttpSDK</Filter>
    </ClCompile>
    <ClCompile Include="..\..\ghttp\ghttpPost.c">
      <Filter>PatchingTrackingSDK\HttpSDK</Filter>
    </ClCompile>
    <ClCompile Include="..\..\ghttp\ghttpProcess.c">
      <Filter>PatchingTrackingSDK\HttpSDK</Filter>
    </ClCompile>
    <ClCompile Include="..\ptMain.c">
      <Filter>PatchingTrackingSDK</Filter>
    </ClCompile>
  </ItemGroup>
  <ItemGroup>
    <ClInclude Include="..\..\darray.h">
      <Filter>GsCommon</Filter>
    </ClInclude>
    <ClInclude Include="..\..\common\gsAssert.h">
      <Filter>GsCommon</Filter>
    </ClInclude>
    <ClInclude Include="..\..\common\gsAvailable.h">
      <Filter>GsCommon</Filter>
    </ClInclude>
    <ClInclude Include="..\..\common\gsCommon.h">
      <Filter>GsCommon</Filter>
    </ClInclude>
    <ClInclude Include="..\..\common\gsCrypt.h">
      <Filter>GsCommon</Filter>
    </ClInclude>
    <ClInclude Include="..\..\common\gsDebug.h">
      <Filter>GsCommon</Filter>
    </ClInclude>
    <ClInclude Include="..\..\common\gsLargeInt.h">
      <Filter>GsCommon</Filter>
    </ClInclude>
    <ClInclude Include="..\..\common\gsMemory.h">
      <Filter>GsCommon</Filter>
    </ClInclude>
    <ClInclude Include="..\..\common\gsPlatform.h">
      <Filter>GsCommon</Filter>
    </ClInclude>
    <ClInclude Include="..\..\common\gsPlatformSocket.h">
      <Filter>GsCommon</Filter>
    </ClInclude>
    <ClInclude Include="..\..\common\gsPlatformThread.h">
      <Filter>GsCommon</Filter>
    </ClInclude>
    <ClInclude Include="..\..\common\gsPlatformUtil.h">
      <Filter>GsCommon</Filter>
    </ClInclude>
    <ClInclude Include="..\..\common\gsRC4.h">
      <Filter>GsCommon</Filter>
    </ClInclude>
    <ClInclude Include="..\..\common\gsSHA1.h">
      <Filter>GsCommon</Filter>
    </ClInclude>
    <ClInclude Include="..\..\common\gsSSL.h">
      <Filter>GsCommon</Filter>
    </ClInclude>
    <ClInclude Include="..\..\common\gsStringUtil.h">
      <Filter>GsCommon</Filter>
    </ClInclude>
    <ClInclude Include="..\..\common\gsXML.h">
      <Filter>GsCommon</Filter>
    </ClInclude>
    <ClInclude Include="..\..\md5.h">
      <Filter>GsCommon</Filter>
    </ClInclude>
    <ClInclude Include="..\..\ghttp\ghttp.h">
      <Filter>PatchingTrackingSDK\HttpSDK</Filter>
    </ClInclude>
    <ClInclude Include="..\..\ghttp\ghttpASCII.h">
      <Filter>PatchingTrackingSDK\HttpSDK</Filter>
    </ClInclude>
    <ClInclude Include="..\..\ghttp\ghttpBuffer.h">
      <Filter>PatchingTrackingSDK\HttpSDK</Filter>
    </ClInclude>
    <ClInclude Include="..\..\ghttp\ghttpCallbacks.h">
      <Filter>PatchingTrackingSDK\HttpSDK</Filter>
    </ClInclude>
    <ClInclude Include="..\..\ghttp\ghttpCommon.h">
      <Filter>PatchingTrackingSDK\HttpSDK</Filter>
    </ClInclude>
    <ClInclude Include="..\..\ghttp\ghttpConnection.h">
      <Filter>PatchingTrackingSDK\HttpSDK</Filter>
    </ClInclude>
    <ClInclude Include="..\..\ghttp\ghttpEncryption.h">
      <Filter>PatchingTrackingSDK\HttpSDK</Filter>
    </ClInclude>
    <ClInclude Include="..\..\ghttp\ghttpMain.h">
      <Filter>PatchingTrackingSDK\HttpSDK</Filter>
    </ClInclude>
    <ClInclude Include="..\..\ghttp\ghttpPost.h">
      <Filter>PatchingTrackingSDK\HttpSDK</Filter>
    </ClInclude>
    <ClInclude Include="..\..\ghttp\ghttpProcess.h">
      <Filter>PatchingTrackingSDK\HttpSDK</Filter>
    </ClInclude>
    <ClInclude Include="..\pt.h">
      <Filter>PatchingTrackingSDK</Filter>
    </ClInclude>
  </ItemGroup>
</Project>