<?xml version="1.0" encoding="utf-8"?>
<Project ToolsVersion="4.0" xmlns="http://schemas.microsoft.com/developer/msbuild/2003">
  <ItemGroup>
    <Filter Include="Source Files">
      <UniqueIdentifier>{602847b2-40be-4298-aff0-11c39b9694f8}</UniqueIdentifier>
      <Extensions>cpp;c;cxx;rc;def;r;odl;idl;hpj;bat</Extensions>
    </Filter>
    <Filter Include="Header Files">
      <UniqueIdentifier>{d2007117-be47-46b5-809a-a53d50836727}</UniqueIdentifier>
      <Extensions>h;hpp;hxx;hm;inl</Extensions>
    </Filter>
    <Filter Include="StatsSDK">
      <UniqueIdentifier>{1e35776f-7f11-4159-8d0f-22816fdf2d0a}</UniqueIdentifier>
    </Filter>
    <Filter Include="StatsSDK\Source Files">
      <UniqueIdentifier>{5fddfdfa-7c98-4f30-8a22-64fbc0e9a113}</UniqueIdentifier>
    </Filter>
    <Filter Include="StatsSDK\Header Files">
      <UniqueIdentifier>{ef994ae4-003f-4b67-930a-7cba83257ddd}</UniqueIdentifier>
    </Filter>
    <Filter Include="GsCommon">
      <UniqueIdentifier>{66ce7672-9112-4676-9c9d-2eec74553377}</UniqueIdentifier>
    </Filter>
    <Filter Include="GsCommon\Source Files">
      <UniqueIdentifier>{f587d9af-a0da-4cda-ba0b-879d6b6ee746}</UniqueIdentifier>
    </Filter>
    <Filter Include="GsCommon\Header Files">
      <UniqueIdentifier>{6375eedf-cd34-4472-a15b-f1c5dd794eaa}</UniqueIdentifier>
    </Filter>
  </ItemGroup>
  <ItemGroup>
    <ClCompile Include="statstest.c">
      <Filter>Source Files</Filter>
    </ClCompile>
    <ClCompile Include="..\gbucket.c">
      <Filter>StatsSDK\Source Files</Filter>
    </ClCompile>
    <ClCompile Include="..\gstats.c">
      <Filter>StatsSDK\Source Files</Filter>
    </ClCompile>
    <ClCompile Include="..\..\darray.c">
      <Filter>GsCommon\Source Files</Filter>
    </ClCompile>
    <ClCompile Include="..\..\common\gsAssert.c">
      <Filter>GsCommon\Source Files</Filter>
    </ClCompile>
    <ClCompile Include="..\..\common\gsAvailable.c">
      <Filter>GsCommon\Source Files</Filter>
    </ClCompile>
    <ClCompile Include="..\..\common\gsDebug.c">
      <Filter>GsCommon\Source Files</Filter>
    </ClCompile>
    <ClCompile Include="..\..\common\gsMemory.c">
      <Filter>GsCommon\Source Files</Filter>
    </ClCompile>
    <ClCompile Include="..\..\common\gsPlatform.c">
      <Filter>GsCommon\Source Files</Filter>
    </ClCompile>
    <ClCompile Include="..\..\common\gsPlatformSocket.c">
      <Filter>GsCommon\Source Files</Filter>
    </ClCompile>
    <ClCompile Include="..\..\common\gsPlatformThread.c">
      <Filter>GsCommon\Source Files</Filter>
    </ClCompile>
    <ClCompile Include="..\..\common\gsPlatformUtil.c">
      <Filter>GsCommon\Source Files</Filter>
    </ClCompile>
    <ClCompile Include="..\..\hashtable.c">
      <Filter>GsCommon\Source Files</Filter>
    </ClCompile>
    <ClCompile Include="..\..\md5c.c">
      <Filter>GsCommon\Source Files</Filter>
    </ClCompile>
    <ClCompile Include="..\..\common\win32\Win32Common.c">
      <Filter>GsCommon\Source Files</Filter>
    </ClCompile>
  </ItemGroup>
  <ItemGroup>
    <ClInclude Include="..\gbucket.h">
      <Filter>StatsSDK\Header Files</Filter>
    </ClInclude>
    <ClInclude Include="..\gstats.h">
      <Filter>StatsSDK\Header Files</Filter>
    </ClInclude>
    <ClInclude Include="..\..\darray.h">
      <Filter>GsCommon\Header Files</Filter>
    </ClInclude>
    <ClInclude Include="..\..\common\gsAssert.h">
      <Filter>GsCommon\Header Files</Filter>
    </ClInclude>
    <ClInclude Include="..\..\common\gsAvailable.h">
      <Filter>GsCommon\Header Files</Filter>
    </ClInclude>
    <ClInclude Include="..\..\common\gsCommon.h">
      <Filter>GsCommon\Header Files</Filter>
    </ClInclude>
    <ClInclude Include="..\..\common\gsDebug.h">
      <Filter>GsCommon\Header Files</Filter>
    </ClInclude>
    <ClInclude Include="..\..\common\gsMemory.h">
      <Filter>GsCommon\Header Files</Filter>
    </ClInclude>
    <ClInclude Include="..\..\common\gsPlatform.h">
      <Filter>GsCommon\Header Files</Filter>
    </ClInclude>
    <ClInclude Include="..\..\common\gsPlatformSocket.h">
      <Filter>GsCommon\Header Files</Filter>
    </ClInclude>
    <ClInclude Include="..\..\common\gsPlatformThread.h">
      <Filter>GsCommon\Header Files</Filter>
    </ClInclude>
    <ClInclude Include="..\..\common\gsPlatformUtil.h">
      <Filter>GsCommon\Header Files</Filter>
    </ClInclude>
    <ClInclude Include="..\..\common\gsStringUtil.h">
      <Filter>GsCommon\Header Files</Filter>
    </ClInclude>
    <ClInclude Include="..\..\hashtable.h">
      <Filter>GsCommon\Header Files</Filter>
    </ClInclude>
    <ClInclude Include="..\..\md5.h">
      <Filter>GsCommon\Header Files</Filter>
    </ClInclude>
  </ItemGroup>
</Project>