<?xml version="1.0" encoding="utf-8"?>
<Project ToolsVersion="4.0" xmlns="http://schemas.microsoft.com/developer/msbuild/2003">
  <ItemGroup>
    <Filter Include="Source Files">
      <UniqueIdentifier>{3ac39bb3-74cd-4d7e-ad17-3b075fdab43e}</UniqueIdentifier>
      <Extensions>cpp;c;cxx;rc;def;r;odl;idl;hpj;bat</Extensions>
    </Filter>
    <Filter Include="GsCommon">
      <UniqueIdentifier>{ee2a165d-dd7c-4280-b138-6a9b50c34936}</UniqueIdentifier>
    </Filter>
    <Filter Include="GsCommon\Source Files">
      <UniqueIdentifier>{14bdd5a1-5be2-4c9a-84f2-53df6fee6e86}</UniqueIdentifier>
    </Filter>
    <Filter Include="GsCommon\Header Files">
      <UniqueIdentifier>{4b80ce2f-fb7a-46b4-ad69-df6772d4e1a8}</UniqueIdentifier>
    </Filter>
    <Filter Include="Header Files">
      <UniqueIdentifier>{8c3c0f65-0ac2-4f35-a35b-ef26b8430fd6}</UniqueIdentifier>
      <Extensions>h;hpp;hxx;hm;inl</Extensions>
    </Filter>
    <Filter Include="TransportSDK">
      <UniqueIdentifier>{41afad97-6068-4bca-ab2f-0644a3d0d8b8}</UniqueIdentifier>
    </Filter>
    <Filter Include="TransportSDK\Source Files">
      <UniqueIdentifier>{a81759d6-494b-4a74-8889-5b8a5831ba39}</UniqueIdentifier>
    </Filter>
    <Filter Include="TransportSDK\Header Files">
      <UniqueIdentifier>{14cf03f3-8354-43bf-9c75-0d793d4d018c}</UniqueIdentifier>
    </Filter>
  </ItemGroup>
  <ItemGroup>
    <ClCompile Include="gt2testc.c">
      <Filter>Source Files</Filter>
    </ClCompile>
    <ClCompile Include="..\..\darray.c">
      <Filter>GsCommon\Source Files</Filter>
    </ClCompile>
    <ClCompile Include="..\..\common\gsAssert.c">
      <Filter>GsCommon\Source Files</Filter>
    </ClCompile>
    <ClCompile Include="..\..\common\gsDebug.c">
      <Filter>GsCommon\Source Files</Filter>
    </ClCompile>
    <ClCompile Include="..\..\common\gsMemory.c">
      <Filter>GsCommon\Source Files</Filter>
    </ClCompile>
    <ClCompile Include="..\..\common\gsPlatform.c">
      <Filter>GsCommon\Source Files</Filter>
    </ClCompile>
    <ClCompile Include="..\..\common\gsPlatformSocket.c">
      <Filter>GsCommon\Source Files</Filter>
    </ClCompile>
    <ClCompile Include="..\..\common\gsPlatformThread.c">
      <Filter>GsCommon\Source Files</Filter>
    </ClCompile>
    <ClCompile Include="..\..\common\gsPlatformUtil.c">
      <Filter>GsCommon\Source Files</Filter>
    </ClCompile>
    <ClCompile Include="..\..\hashtable.c">
      <Filter>GsCommon\Source Files</Filter>
    </ClCompile>
    <ClCompile Include="..\..\common\win32\Win32Common.c">
      <Filter>GsCommon\Source Files</Filter>
    </ClCompile>
    <ClCompile Include="..\gt2Auth.c">
      <Filter>TransportSDK\Source Files</Filter>
    </ClCompile>
    <ClCompile Include="..\gt2Buffer.c">
      <Filter>TransportSDK\Source Files</Filter>
    </ClCompile>
    <ClCompile Include="..\gt2Callback.c">
      <Filter>TransportSDK\Source Files</Filter>
    </ClCompile>
    <ClCompile Include="..\gt2Connection.c">
      <Filter>TransportSDK\Source Files</Filter>
    </ClCompile>
    <ClCompile Include="..\gt2Encode.c">
      <Filter>TransportSDK\Source Files</Filter>
    </ClCompile>
    <ClCompile Include="..\gt2Filter.c">
      <Filter>TransportSDK\Source Files</Filter>
    </ClCompile>
    <ClCompile Include="..\gt2Main.c">
      <Filter>TransportSDK\Source Files</Filter>
    </ClCompile>
    <ClCompile Include="..\gt2Message.c">
      <Filter>TransportSDK\Source Files</Filter>
    </ClCompile>
    <ClCompile Include="..\gt2Socket.c">
      <Filter>TransportSDK\Source Files</Filter>
    </ClCompile>
    <ClCompile Include="..\gt2Utility.c">
      <Filter>TransportSDK\Source Files</Filter>
    </ClCompile>
  </ItemGroup>
  <ItemGroup>
    <ClInclude Include="..\..\darray.h">
      <Filter>GsCommon\Header Files</Filter>
    </ClInclude>
    <ClInclude Include="..\..\common\gsAssert.h">
      <Filter>GsCommon\Header Files</Filter>
    </ClInclude>
    <ClInclude Include="..\..\common\gsCommon.h">
      <Filter>GsCommon\Header Files</Filter>
    </ClInclude>
    <ClInclude Include="..\..\common\gsDebug.h">
      <Filter>GsCommon\Header Files</Filter>
    </ClInclude>
    <ClInclude Include="..\..\common\gsMemory.h">
      <Filter>GsCommon\Header Files</Filter>
    </ClInclude>
    <ClInclude Include="..\..\common\gsPlatform.h">
      <Filter>GsCommon\Header Files</Filter>
    </ClInclude>
    <ClInclude Include="..\..\common\gsPlatformSocket.h">
      <Filter>GsCommon\Header Files</Filter>
    </ClInclude>
    <ClInclude Include="..\..\common\gsPlatformThread.h">
      <Filter>GsCommon\Header Files</Filter>
    </ClInclude>
    <ClInclude Include="..\..\common\gsPlatformUtil.h">
      <Filter>GsCommon\Header Files</Filter>
    </ClInclude>
    <ClInclude Include="..\..\hashtable.h">
      <Filter>GsCommon\Header Files</Filter>
    </ClInclude>
    <ClInclude Include="..\gt2.h">
      <Filter>TransportSDK\Header Files</Filter>
    </ClInclude>
    <ClInclude Include="..\gt2Auth.h">
      <Filter>TransportSDK\Header Files</Filter>
    </ClInclude>
    <ClInclude Include="..\gt2Buffer.h">
      <Filter>TransportSDK\Header Files</Filter>
    </ClInclude>
    <ClInclude Include="..\gt2Callback.h">
      <Filter>TransportSDK\Header Files</Filter>
    </ClInclude>
    <ClInclude Include="..\gt2Connection.h">
      <Filter>TransportSDK\Header Files</Filter>
    </ClInclude>
    <ClInclude Include="..\gt2Encode.h">
      <Filter>TransportSDK\Header Files</Filter>
    </ClInclude>
    <ClInclude Include="..\gt2Filter.h">
      <Filter>TransportSDK\Header Files</Filter>
    </ClInclude>
    <ClInclude Include="..\gt2Main.h">
      <Filter>TransportSDK\Header Files</Filter>
    </ClInclude>
    <ClInclude Include="..\gt2Message.h">
      <Filter>TransportSDK\Header Files</Filter>
    </ClInclude>
    <ClInclude Include="..\gt2Socket.h">
      <Filter>TransportSDK\Header Files</Filter>
    </ClInclude>
    <ClInclude Include="..\gt2Utility.h">
      <Filter>TransportSDK\Header Files</Filter>
    </ClInclude>
  </ItemGroup>
</Project>