<?xml version="1.0" encoding="utf-8"?>
<Project ToolsVersion="4.0" xmlns="http://schemas.microsoft.com/developer/msbuild/2003">
  <ItemGroup>
    <Filter Include="Source Files">
      <UniqueIdentifier>{8a580e78-35b9-4699-82c1-bb2407d7026a}</UniqueIdentifier>
      <Extensions>cpp;c;cxx;rc;def;r;odl;idl;hpj;bat</Extensions>
    </Filter>
    <Filter Include="Header Files">
      <UniqueIdentifier>{8ab03686-107f-46bd-8d13-2112eba2e4a1}</UniqueIdentifier>
      <Extensions>h;hpp;hxx;hm;inl</Extensions>
    </Filter>
    <Filter Include="Resource Files">
      <UniqueIdentifier>{561b13a9-b513-4bb2-83d3-a2be73adb5fb}</UniqueIdentifier>
      <Extensions>ico;cur;bmp;dlg;rc2;rct;bin;rgs;gif;jpg;jpeg;jpe</Extensions>
    </Filter>
    <Filter Include="GsCommon">
      <UniqueIdentifier>{1613bcae-5ee8-4745-b6eb-9edd2701fc36}</UniqueIdentifier>
    </Filter>
    <Filter Include="GsCommon\Source Files">
      <UniqueIdentifier>{636019f6-4122-48e4-ba58-95a4a68d2dba}</UniqueIdentifier>
    </Filter>
    <Filter Include="GsCommon\Header Files">
      <UniqueIdentifier>{d212b697-894a-4d1c-9487-2c5a5e629964}</UniqueIdentifier>
    </Filter>
    <Filter Include="TransportSDK">
      <UniqueIdentifier>{02d7f3c1-1c7d-4f1f-8121-046dd4b8d4b9}</UniqueIdentifier>
    </Filter>
    <Filter Include="TransportSDK\Source Files">
      <UniqueIdentifier>{60384cc7-0cef-420a-b2c2-479840e8d647}</UniqueIdentifier>
    </Filter>
    <Filter Include="TransportSDK\Header Files">
      <UniqueIdentifier>{a65f331c-9b1b-4b7e-91ab-4c06e115d259}</UniqueIdentifier>
    </Filter>
    <Filter Include="HttpSDK">
      <UniqueIdentifier>{a363208d-4e88-4b68-8fa7-ced93131bd0d}</UniqueIdentifier>
    </Filter>
    <Filter Include="HttpSDK\Source Files">
      <UniqueIdentifier>{01cfeeba-9735-4d27-b93e-708ec148258b}</UniqueIdentifier>
    </Filter>
    <Filter Include="HttpSDK\Header Files">
      <UniqueIdentifier>{7c4bfb3a-53dc-4626-a0bd-73ac0461e640}</UniqueIdentifier>
    </Filter>
    <Filter Include="PresenceSDK">
      <UniqueIdentifier>{72c271fb-1259-4964-9f25-642cd2cc88fa}</UniqueIdentifier>
    </Filter>
    <Filter Include="PresenceSDK\Source Files">
      <UniqueIdentifier>{03abf5d6-450a-40b9-a30d-19e8f919f856}</UniqueIdentifier>
    </Filter>
    <Filter Include="PresenceSDK\Header Files">
      <UniqueIdentifier>{6066b4c8-c426-4ef0-8ad6-25a76d2db64d}</UniqueIdentifier>
    </Filter>
    <Filter Include="StatsSDK">
      <UniqueIdentifier>{c9382bd4-ced4-4143-905a-0445861fe0cb}</UniqueIdentifier>
    </Filter>
    <Filter Include="StatsSDK\Source Files">
      <UniqueIdentifier>{dc1807f2-54c8-41de-8bbd-bd34bb9eb6a9}</UniqueIdentifier>
    </Filter>
    <Filter Include="StatsSDK\Header Files">
      <UniqueIdentifier>{503fb321-4053-4c9a-9ae7-9e6d317ed512}</UniqueIdentifier>
    </Filter>
  </ItemGroup>
  <ItemGroup>
    <ClCompile Include="HostOrJoinDlg.cpp">
      <Filter>Source Files</Filter>
    </ClCompile>
    <ClCompile Include="LoginDlg.cpp">
      <Filter>Source Files</Filter>
    </ClCompile>
    <ClCompile Include="multiTrack.cpp">
      <Filter>Source Files</Filter>
    </ClCompile>
    <ClCompile Include="multiTrackDlg.cpp">
      <Filter>Source Files</Filter>
    </ClCompile>
    <ClCompile Include="StdAfx.cpp">
      <Filter>Source Files</Filter>
    </ClCompile>
    <ClCompile Include="WaitingDlg.cpp">
      <Filter>Source Files</Filter>
    </ClCompile>
    <ClCompile Include="..\..\darray.c">
      <Filter>GsCommon\Source Files</Filter>
    </ClCompile>
    <ClCompile Include="..\..\common\gsAssert.c">
      <Filter>GsCommon\Source Files</Filter>
    </ClCompile>
    <ClCompile Include="..\..\common\gsAvailable.c">
      <Filter>GsCommon\Source Files</Filter>
    </ClCompile>
    <ClCompile Include="..\..\common\gsCrypt.c">
      <Filter>GsCommon\Source Files</Filter>
    </ClCompile>
    <ClCompile Include="..\..\common\gsDebug.c">
      <Filter>GsCommon\Source Files</Filter>
    </ClCompile>
    <ClCompile Include="..\..\common\gsLargeInt.c">
      <Filter>GsCommon\Source Files</Filter>
    </ClCompile>
    <ClCompile Include="..\..\common\gsMemory.c">
      <Filter>GsCommon\Source Files</Filter>
    </ClCompile>
    <ClCompile Include="..\..\common\gsPlatform.c">
      <Filter>GsCommon\Source Files</Filter>
    </ClCompile>
    <ClCompile Include="..\..\common\gsPlatformSocket.c">
      <Filter>GsCommon\Source Files</Filter>
    </ClCompile>
    <ClCompile Include="..\..\common\gsPlatformThread.c">
      <Filter>GsCommon\Source Files</Filter>
    </ClCompile>
    <ClCompile Include="..\..\common\gsPlatformUtil.c">
      <Filter>GsCommon\Source Files</Filter>
    </ClCompile>
    <ClCompile Include="..\..\common\gsRC4.c">
      <Filter>GsCommon\Source Files</Filter>
    </ClCompile>
    <ClCompile Include="..\..\common\gsSHA1.c">
      <Filter>GsCommon\Source Files</Filter>
    </ClCompile>
    <ClCompile Include="..\..\common\gsSSL.c">
      <Filter>GsCommon\Source Files</Filter>
    </ClCompile>
    <ClCompile Include="..\..\common\gsStringUtil.c">
      <Filter>GsCommon\Source Files</Filter>
    </ClCompile>
    <ClCompile Include="..\..\common\gsUdpEngine.c">
      <Filter>GsCommon\Source Files</Filter>
    </ClCompile>
    <ClCompile Include="..\..\common\gsXML.c">
      <Filter>GsCommon\Source Files</Filter>
    </ClCompile>
    <ClCompile Include="..\..\hashtable.c">
      <Filter>GsCommon\Source Files</Filter>
    </ClCompile>
    <ClCompile Include="..\..\md5c.c">
      <Filter>GsCommon\Source Files</Filter>
    </ClCompile>
    <ClCompile Include="..\..\gt2\gt2Auth.c">
      <Filter>TransportSDK\Source Files</Filter>
    </ClCompile>
    <ClCompile Include="..\..\gt2\gt2Buffer.c">
      <Filter>TransportSDK\Source Files</Filter>
    </ClCompile>
    <ClCompile Include="..\..\gt2\gt2Callback.c">
      <Filter>TransportSDK\Source Files</Filter>
    </ClCompile>
    <ClCompile Include="..\..\gt2\gt2Connection.c">
      <Filter>TransportSDK\Source Files</Filter>
    </ClCompile>
    <ClCompile Include="..\..\gt2\gt2Encode.c">
      <Filter>TransportSDK\Source Files</Filter>
    </ClCompile>
    <ClCompile Include="..\..\gt2\gt2Filter.c">
      <Filter>TransportSDK\Source Files</Filter>
    </ClCompile>
    <ClCompile Include="..\..\gt2\gt2Main.c">
      <Filter>TransportSDK\Source Files</Filter>
    </ClCompile>
    <ClCompile Include="..\..\gt2\gt2Message.c">
      <Filter>TransportSDK\Source Files</Filter>
    </ClCompile>
    <ClCompile Include="..\..\gt2\gt2Socket.c">
      <Filter>TransportSDK\Source Files</Filter>
    </ClCompile>
    <ClCompile Include="..\..\gt2\gt2Utility.c">
      <Filter>TransportSDK\Source Files</Filter>
    </ClCompile>
    <ClCompile Include="..\..\ghttp\ghttpBuffer.c">
      <Filter>HttpSDK\Source Files</Filter>
    </ClCompile>
    <ClCompile Include="..\..\ghttp\ghttpCallbacks.c">
      <Filter>HttpSDK\Source Files</Filter>
    </ClCompile>
    <ClCompile Include="..\..\ghttp\ghttpCommon.c">
      <Filter>HttpSDK\Source Files</Filter>
    </ClCompile>
    <ClCompile Include="..\..\ghttp\ghttpConnection.c">
      <Filter>HttpSDK\Source Files</Filter>
    </ClCompile>
    <ClCompile Include="..\..\ghttp\ghttpEncryption.c">
      <Filter>HttpSDK\Source Files</Filter>
    </ClCompile>
    <ClCompile Include="..\..\ghttp\ghttpMain.c">
      <Filter>HttpSDK\Source Files</Filter>
    </ClCompile>
    <ClCompile Include="..\..\ghttp\ghttpPost.c">
      <Filter>HttpSDK\Source Files</Filter>
    </ClCompile>
    <ClCompile Include="..\..\ghttp\ghttpProcess.c">
      <Filter>HttpSDK\Source Files</Filter>
    </ClCompile>
    <ClCompile Include="..\..\gp\gp.c">
      <Filter>PresenceSDK\Source Files</Filter>
    </ClCompile>
    <ClCompile Include="..\..\gp\gpi.c">
      <Filter>PresenceSDK\Source Files</Filter>
    </ClCompile>
    <ClCompile Include="..\..\gp\gpiBuddy.c">
      <Filter>PresenceSDK\Source Files</Filter>
    </ClCompile>
    <ClCompile Include="..\..\gp\gpiBuffer.c">
      <Filter>PresenceSDK\Source Files</Filter>
    </ClCompile>
    <ClCompile Include="..\..\gp\gpiCallback.c">
      <Filter>PresenceSDK\Source Files</Filter>
    </ClCompile>
    <ClCompile Include="..\..\gp\gpiConnect.c">
      <Filter>PresenceSDK\Source Files</Filter>
    </ClCompile>
    <ClCompile Include="..\..\gp\gpiInfo.c">
      <Filter>PresenceSDK\Source Files</Filter>
    </ClCompile>
    <ClCompile Include="..\..\GP\gpiKeys.c">
      <Filter>PresenceSDK\Source Files</Filter>
    </ClCompile>
    <ClCompile Include="..\..\gp\gpiOperation.c">
      <Filter>PresenceSDK\Source Files</Filter>
    </ClCompile>
    <ClCompile Include="..\..\gp\gpiPeer.c">
      <Filter>PresenceSDK\Source Files</Filter>
    </ClCompile>
    <ClCompile Include="..\..\gp\gpiProfile.c">
      <Filter>PresenceSDK\Source Files</Filter>
    </ClCompile>
    <ClCompile Include="..\..\gp\gpiSearch.c">
      <Filter>PresenceSDK\Source Files</Filter>
    </ClCompile>
    <ClCompile Include="..\..\gp\gpiTransfer.c">
      <Filter>PresenceSDK\Source Files</Filter>
    </ClCompile>
    <ClCompile Include="..\..\GP\gpiUnique.c">
      <Filter>PresenceSDK\Source Files</Filter>
    </ClCompile>
    <ClCompile Include="..\..\gp\gpiUtility.c">
      <Filter>PresenceSDK\Source Files</Filter>
    </ClCompile>
    <ClCompile Include="..\gbucket.c">
      <Filter>StatsSDK\Source Files</Filter>
    </ClCompile>
    <ClCompile Include="..\gstats.c">
      <Filter>StatsSDK\Source Files</Filter>
    </ClCompile>
  </ItemGroup>
  <ItemGroup>
    <ResourceCompile Include="multiTrack.rc">
      <Filter>Source Files</Filter>
    </ResourceCompile>
  </ItemGroup>
  <ItemGroup>
    <ClInclude Include="HostOrJoinDlg.h">
      <Filter>Header Files</Filter>
    </ClInclude>
    <ClInclude Include="LoginDlg.h">
      <Filter>Header Files</Filter>
    </ClInclude>
    <ClInclude Include="multiTrack.h">
      <Filter>Header Files</Filter>
    </ClInclude>
    <ClInclude Include="multiTrackDlg.h">
      <Filter>Header Files</Filter>
    </ClInclude>
    <ClInclude Include="Resource.h">
      <Filter>Header Files</Filter>
    </ClInclude>
    <ClInclude Include="StdAfx.h">
      <Filter>Header Files</Filter>
    </ClInclude>
    <ClInclude Include="WaitingDlg.h">
      <Filter>Header Files</Filter>
    </ClInclude>
    <ClInclude Include="..\..\darray.h">
      <Filter>GsCommon\Header Files</Filter>
    </ClInclude>
    <ClInclude Include="..\..\common\gsAssert.h">
      <Filter>GsCommon\Header Files</Filter>
    </ClInclude>
    <ClInclude Include="..\..\common\gsAvailable.h">
      <Filter>GsCommon\Header Files</Filter>
    </ClInclude>
    <ClInclude Include="..\..\common\gsCommon.h">
      <Filter>GsCommon\Header Files</Filter>
    </ClInclude>
    <ClInclude Include="..\..\common\gsMemory.h">
      <Filter>GsCommon\Header Files</Filter>
    </ClInclude>
    <ClInclude Include="..\..\common\gsPlatform.h">
      <Filter>GsCommon\Header Files</Filter>
    </ClInclude>
    <ClInclude Include="..\..\common\gsPlatformSocket.h">
      <Filter>GsCommon\Header Files</Filter>
    </ClInclude>
    <ClInclude Include="..\..\common\gsPlatformThread.h">
      <Filter>GsCommon\Header Files</Filter>
    </ClInclude>
    <ClInclude Include="..\..\common\gsPlatformUtil.h">
      <Filter>GsCommon\Header Files</Filter>
    </ClInclude>
    <ClInclude Include="..\..\common\gsRandom.h">
      <Filter>GsCommon\Header Files</Filter>
    </ClInclude>
    <ClInclude Include="..\..\common\gsRC4.h">
      <Filter>GsCommon\Header Files</Filter>
    </ClInclude>
    <ClInclude Include="..\..\common\gsSHA1.h">
      <Filter>GsCommon\Header Files</Filter>
    </ClInclude>
    <ClInclude Include="..\..\common\gsSSL.h">
      <Filter>GsCommon\Header Files</Filter>
    </ClInclude>
    <ClInclude Include="..\..\common\gsStringUtil.h">
      <Filter>GsCommon\Header Files</Filter>
    </ClInclude>
    <ClInclude Include="..\..\common\gsUdpEngine.h">
      <Filter>GsCommon\Header Files</Filter>
    </ClInclude>
    <ClInclude Include="..\..\common\gsXML.h">
      <Filter>GsCommon\Header Files</Filter>
    </ClInclude>
    <ClInclude Include="..\..\hashtable.h">
      <Filter>GsCommon\Header Files</Filter>
    </ClInclude>
    <ClInclude Include="..\..\md5.h">
      <Filter>GsCommon\Header Files</Filter>
    </ClInclude>
    <ClInclude Include="..\..\gt2\gt2Auth.h">
      <Filter>TransportSDK\Header Files</Filter>
    </ClInclude>
    <ClInclude Include="..\..\gt2\gt2Buffer.h">
      <Filter>TransportSDK\Header Files</Filter>
    </ClInclude>
    <ClInclude Include="..\..\gt2\gt2Callback.h">
      <Filter>TransportSDK\Header Files</Filter>
    </ClInclude>
    <ClInclude Include="..\..\gt2\gt2Connection.h">
      <Filter>TransportSDK\Header Files</Filter>
    </ClInclude>
    <ClInclude Include="..\..\gt2\gt2Filter.h">
      <Filter>TransportSDK\Header Files</Filter>
    </ClInclude>
    <ClInclude Include="..\..\gt2\gt2Main.h">
      <Filter>TransportSDK\Header Files</Filter>
    </ClInclude>
    <ClInclude Include="..\..\gt2\gt2Message.h">
      <Filter>TransportSDK\Header Files</Filter>
    </ClInclude>
    <ClInclude Include="..\..\gt2\gt2Socket.h">
      <Filter>TransportSDK\Header Files</Filter>
    </ClInclude>
    <ClInclude Include="..\..\gt2\gt2Utility.h">
      <Filter>TransportSDK\Header Files</Filter>
    </ClInclude>
    <ClInclude Include="..\..\ghttp\ghttp.h">
      <Filter>HttpSDK\Header Files</Filter>
    </ClInclude>
    <ClInclude Include="..\..\ghttp\ghttpBuffer.h">
      <Filter>HttpSDK\Header Files</Filter>
    </ClInclude>
    <ClInclude Include="..\..\ghttp\ghttpCallbacks.h">
      <Filter>HttpSDK\Header Files</Filter>
    </ClInclude>
    <ClInclude Include="..\..\ghttp\ghttpCommon.h">
      <Filter>HttpSDK\Header Files</Filter>
    </ClInclude>
    <ClInclude Include="..\..\ghttp\ghttpConnection.h">
      <Filter>HttpSDK\Header Files</Filter>
    </ClInclude>
    <ClInclude Include="..\..\ghttp\ghttpEncryption.h">
      <Filter>HttpSDK\Header Files</Filter>
    </ClInclude>
    <ClInclude Include="..\..\ghttp\ghttpMain.h">
      <Filter>HttpSDK\Header Files</Filter>
    </ClInclude>
    <ClInclude Include="..\..\ghttp\ghttpPost.h">
      <Filter>HttpSDK\Header Files</Filter>
    </ClInclude>
    <ClInclude Include="..\..\ghttp\ghttpProcess.h">
      <Filter>HttpSDK\Header Files</Filter>
    </ClInclude>
    <ClInclude Include="..\..\gp\gp.h">
      <Filter>PresenceSDK\Header Files</Filter>
    </ClInclude>
    <ClInclude Include="..\..\gp\gpi.h">
      <Filter>PresenceSDK\Header Files</Filter>
    </ClInclude>
    <ClInclude Include="..\..\gp\gpiBuddy.h">
      <Filter>PresenceSDK\Header Files</Filter>
    </ClInclude>
    <ClInclude Include="..\..\gp\gpiBuffer.h">
      <Filter>PresenceSDK\Header Files</Filter>
    </ClInclude>
    <ClInclude Include="..\..\gp\gpiCallback.h">
      <Filter>PresenceSDK\Header Files</Filter>
    </ClInclude>
    <ClInclude Include="..\..\gp\gpiConnect.h">
      <Filter>PresenceSDK\Header Files</Filter>
    </ClInclude>
    <ClInclude Include="..\..\gp\gpiInfo.h">
      <Filter>PresenceSDK\Header Files</Filter>
    </ClInclude>
    <ClInclude Include="..\..\GP\gpiKeys.h">
      <Filter>PresenceSDK\Header Files</Filter>
    </ClInclude>
    <ClInclude Include="..\..\gp\gpiOperation.h">
      <Filter>PresenceSDK\Header Files</Filter>
    </ClInclude>
    <ClInclude Include="..\..\gp\gpiPeer.h">
      <Filter>PresenceSDK\Header Files</Filter>
    </ClInclude>
    <ClInclude Include="..\..\gp\gpiProfile.h">
      <Filter>PresenceSDK\Header Files</Filter>
    </ClInclude>
    <ClInclude Include="..\..\gp\gpiSearch.h">
      <Filter>PresenceSDK\Header Files</Filter>
    </ClInclude>
    <ClInclude Include="..\..\gp\gpiTransfer.h">
      <Filter>PresenceSDK\Header Files</Filter>
    </ClInclude>
    <ClInclude Include="..\..\gp\gpiUtility.h">
      <Filter>PresenceSDK\Header Files</Filter>
    </ClInclude>
    <ClInclude Include="..\gbucket.h">
      <Filter>StatsSDK\Header Files</Filter>
    </ClInclude>
    <ClInclude Include="..\gpersist.h">
      <Filter>StatsSDK\Header Files</Filter>
    </ClInclude>
    <ClInclude Include="..\gstats.h">
      <Filter>StatsSDK\Header Files</Filter>
    </ClInclude>
  </ItemGroup>
  <ItemGroup>
    <Image Include="res\multiTrack.ico">
      <Filter>Resource Files</Filter>
    </Image>
  </ItemGroup>
  <ItemGroup>
    <None Include="res\multiTrack.rc2">
      <Filter>Resource Files</Filter>
    </None>
  </ItemGroup>
</Project>