<?xml version="1.0" encoding="utf-8"?>
<Project ToolsVersion="4.0" xmlns="http://schemas.microsoft.com/developer/msbuild/2003">
  <ItemGroup>
    <Filter Include="Source Files">
      <UniqueIdentifier>{03feca47-b8ae-4f18-873b-2125dd7a5308}</UniqueIdentifier>
      <Extensions>cpp;c;cxx;rc;def;r;odl;idl;hpj;bat</Extensions>
    </Filter>
    <Filter Include="GsCommon">
      <UniqueIdentifier>{5efd2e35-8a19-4a07-9602-2a8784b4bfc6}</UniqueIdentifier>
    </Filter>
    <Filter Include="ServerBrowsingSDK">
      <UniqueIdentifier>{8c432689-5bb9-45d5-a5ac-651aa7d01ad3}</UniqueIdentifier>
    </Filter>
    <Filter Include="ServerBrowsingSDK\QueryReporting2SDK">
      <UniqueIdentifier>{0c24cce8-4382-49c9-809e-437ce4ef42c9}</UniqueIdentifier>
    </Filter>
    <Filter Include="NatNegSDK">
      <UniqueIdentifier>{b9a94ac6-a58c-4357-bc22-e451eaee5a8d}</UniqueIdentifier>
    </Filter>
    <Filter Include="Header Files">
      <UniqueIdentifier>{b3cabfed-229b-475e-8f0e-bd7a033fb095}</UniqueIdentifier>
      <Extensions>h;hpp;hxx;hm;inl</Extensions>
    </Filter>
  </ItemGroup>
  <ItemGroup>
    <ClCompile Include="querytest.c">
      <Filter>Source Files</Filter>
    </ClCompile>
    <ClCompile Include="..\..\darray.c">
      <Filter>GsCommon</Filter>
    </ClCompile>
    <ClCompile Include="..\..\common\gsAssert.c">
      <Filter>GsCommon</Filter>
    </ClCompile>
    <ClCompile Include="..\..\common\gsAvailable.c">
      <Filter>GsCommon</Filter>
    </ClCompile>
    <ClCompile Include="..\..\common\gsDebug.c">
      <Filter>GsCommon</Filter>
    </ClCompile>
    <ClCompile Include="..\..\common\gsMemory.c">
      <Filter>GsCommon</Filter>
    </ClCompile>
    <ClCompile Include="..\..\common\gsPlatform.c">
      <Filter>GsCommon</Filter>
    </ClCompile>
    <ClCompile Include="..\..\common\gsPlatformSocket.c">
      <Filter>GsCommon</Filter>
    </ClCompile>
    <ClCompile Include="..\..\common\gsPlatformThread.c">
      <Filter>GsCommon</Filter>
    </ClCompile>
    <ClCompile Include="..\..\common\gsPlatformUtil.c">
      <Filter>GsCommon</Filter>
    </ClCompile>
    <ClCompile Include="..\..\common\gsStringUtil.c">
      <Filter>GsCommon</Filter>
    </ClCompile>
    <ClCompile Include="..\..\hashtable.c">
      <Filter>GsCommon</Filter>
    </ClCompile>
    <ClCompile Include="..\..\common\win32\Win32Common.c">
      <Filter>GsCommon</Filter>
    </ClCompile>
    <ClCompile Include="..\..\qr2\qr2regkeys.c">
      <Filter>ServerBrowsingSDK\QueryReporting2SDK</Filter>
    </ClCompile>
    <ClCompile Include="..\sb_crypt.c">
      <Filter>ServerBrowsingSDK</Filter>
    </ClCompile>
    <ClCompile Include="..\sb_queryengine.c">
      <Filter>ServerBrowsingSDK</Filter>
    </ClCompile>
    <ClCompile Include="..\sb_server.c">
      <Filter>ServerBrowsingSDK</Filter>
    </ClCompile>
    <ClCompile Include="..\sb_serverbrowsing.c">
      <Filter>ServerBrowsingSDK</Filter>
    </ClCompile>
    <ClCompile Include="..\sb_serverlist.c">
      <Filter>ServerBrowsingSDK</Filter>
    </ClCompile>
    <ClCompile Include="..\..\natneg\NATify.c">
      <Filter>NatNegSDK</Filter>
    </ClCompile>
    <ClCompile Include="..\..\natneg\natneg.c">
      <Filter>NatNegSDK</Filter>
    </ClCompile>
  </ItemGroup>
  <ItemGroup>
    <ClInclude Include="..\..\darray.h">
      <Filter>GsCommon</Filter>
    </ClInclude>
    <ClInclude Include="..\..\common\gsAssert.h">
      <Filter>GsCommon</Filter>
    </ClInclude>
    <ClInclude Include="..\..\common\gsAvailable.h">
      <Filter>GsCommon</Filter>
    </ClInclude>
    <ClInclude Include="..\..\common\gsCommon.h">
      <Filter>GsCommon</Filter>
    </ClInclude>
    <ClInclude Include="..\..\common\gsDebug.h">
      <Filter>GsCommon</Filter>
    </ClInclude>
    <ClInclude Include="..\..\common\gsMemory.h">
      <Filter>GsCommon</Filter>
    </ClInclude>
    <ClInclude Include="..\..\common\gsPlatform.h">
      <Filter>GsCommon</Filter>
    </ClInclude>
    <ClInclude Include="..\..\common\gsPlatformSocket.h">
      <Filter>GsCommon</Filter>
    </ClInclude>
    <ClInclude Include="..\..\common\gsPlatformThread.h">
      <Filter>GsCommon</Filter>
    </ClInclude>
    <ClInclude Include="..\..\common\gsPlatformUtil.h">
      <Filter>GsCommon</Filter>
    </ClInclude>
    <ClInclude Include="..\..\common\gsStringUtil.h">
      <Filter>GsCommon</Filter>
    </ClInclude>
    <ClInclude Include="..\..\hashtable.h">
      <Filter>GsCommon</Filter>
    </ClInclude>
    <ClInclude Include="..\..\qr2\qr2regkeys.h">
      <Filter>ServerBrowsingSDK\QueryReporting2SDK</Filter>
    </ClInclude>
    <ClInclude Include="..\sb_crypt.h">
      <Filter>ServerBrowsingSDK</Filter>
    </ClInclude>
    <ClInclude Include="..\sb_internal.h">
      <Filter>ServerBrowsingSDK</Filter>
    </ClInclude>
    <ClInclude Include="..\sb_serverbrowsing.h">
      <Filter>ServerBrowsingSDK</Filter>
    </ClInclude>
    <ClInclude Include="..\..\natneg\NATify.h">
      <Filter>NatNegSDK</Filter>
    </ClInclude>
    <ClInclude Include="..\..\natneg\natneg.h">
      <Filter>NatNegSDK</Filter>
    </ClInclude>
    <ClInclude Include="..\..\natneg\nninternal.h">
      <Filter>NatNegSDK</Filter>
    </ClInclude>
  </ItemGroup>
</Project>