<?xml version="1.0" encoding="utf-8"?>
<Project ToolsVersion="4.0" xmlns="http://schemas.microsoft.com/developer/msbuild/2003">
  <ItemGroup>
    <Filter Include="Source Files">
      <UniqueIdentifier>{da2f97c3-d938-461b-9497-abebedceec31}</UniqueIdentifier>
      <Extensions>cpp;c;cxx;rc;def;r;odl;idl;hpj;bat</Extensions>
    </Filter>
    <Filter Include="Header Files">
      <UniqueIdentifier>{5d17f973-74db-4a80-a22f-5e89c521468c}</UniqueIdentifier>
      <Extensions>h;hpp;hxx;hm;inl</Extensions>
    </Filter>
    <Filter Include="Resource Files">
      <UniqueIdentifier>{300cc355-a776-419e-8072-240c8f2307e0}</UniqueIdentifier>
      <Extensions>ico;cur;bmp;dlg;rc2;rct;bin;rgs;gif;jpg;jpeg;jpe</Extensions>
    </Filter>
    <Filter Include="GsCommon">
      <UniqueIdentifier>{31ccd368-f547-410b-87ba-340adcd6584b}</UniqueIdentifier>
    </Filter>
    <Filter Include="PresenceSDK">
      <UniqueIdentifier>{1a45d2e5-1144-4b36-a585-a314c18f620f}</UniqueIdentifier>
    </Filter>
    <Filter Include="HttpSDK">
      <UniqueIdentifier>{46ae3b0a-d4b2-498e-944f-c440b577975f}</UniqueIdentifier>
    </Filter>
    <Filter Include="TransportSDK">
      <UniqueIdentifier>{bef2cfc4-1a99-4bfe-8c0e-56c994bdf6b6}</UniqueIdentifier>
    </Filter>
    <Filter Include="CompetitionSDK">
      <UniqueIdentifier>{615a852a-d5a4-4a87-834a-8c6193bb91ff}</UniqueIdentifier>
    </Filter>
    <Filter Include="AuthServiceSDK">
      <UniqueIdentifier>{8bedc9ba-7c3b-4b48-a328-c288aed8c6eb}</UniqueIdentifier>
    </Filter>
  </ItemGroup>
  <ItemGroup>
    <ClCompile Include="HostOrJoinDlg.cpp">
      <Filter>Source Files</Filter>
    </ClCompile>
    <ClCompile Include="LoginDlg.cpp">
      <Filter>Source Files</Filter>
    </ClCompile>
    <ClCompile Include="ScRaceSample.cpp">
      <Filter>Source Files</Filter>
    </ClCompile>
    <ClCompile Include="ScRaceSampleDlg.cpp">
      <Filter>Source Files</Filter>
    </ClCompile>
    <ClCompile Include="StdAfx.cpp">
      <Filter>Source Files</Filter>
    </ClCompile>
    <ClCompile Include="WaitingDlg.cpp">
      <Filter>Source Files</Filter>
    </ClCompile>
    <ClCompile Include="..\..\darray.c">
      <Filter>GsCommon</Filter>
    </ClCompile>
    <ClCompile Include="..\..\common\gsAssert.c">
      <Filter>GsCommon</Filter>
    </ClCompile>
    <ClCompile Include="..\..\common\gsAvailable.c">
      <Filter>GsCommon</Filter>
    </ClCompile>
    <ClCompile Include="..\..\common\gsCore.c">
      <Filter>GsCommon</Filter>
    </ClCompile>
    <ClCompile Include="..\..\common\gsCrypt.c">
      <Filter>GsCommon</Filter>
    </ClCompile>
    <ClCompile Include="..\..\common\gsDebug.c">
      <Filter>GsCommon</Filter>
    </ClCompile>
    <ClCompile Include="..\..\common\gsLargeInt.c">
      <Filter>GsCommon</Filter>
    </ClCompile>
    <ClCompile Include="..\..\common\gsMemory.c">
      <Filter>GsCommon</Filter>
    </ClCompile>
    <ClCompile Include="..\..\common\gsPlatform.c">
      <Filter>GsCommon</Filter>
    </ClCompile>
    <ClCompile Include="..\..\common\gsPlatformSocket.c">
      <Filter>GsCommon</Filter>
    </ClCompile>
    <ClCompile Include="..\..\common\gsPlatformThread.c">
      <Filter>GsCommon</Filter>
    </ClCompile>
    <ClCompile Include="..\..\common\gsPlatformUtil.c">
      <Filter>GsCommon</Filter>
    </ClCompile>
    <ClCompile Include="..\..\common\gsRC4.c">
      <Filter>GsCommon</Filter>
    </ClCompile>
    <ClCompile Include="..\..\common\gsSHA1.c">
      <Filter>GsCommon</Filter>
    </ClCompile>
    <ClCompile Include="..\..\common\gsSoap.c">
      <Filter>GsCommon</Filter>
    </ClCompile>
    <ClCompile Include="..\..\common\gsSSL.c">
      <Filter>GsCommon</Filter>
    </ClCompile>
    <ClCompile Include="..\..\common\gsStringUtil.c">
      <Filter>GsCommon</Filter>
    </ClCompile>
    <ClCompile Include="..\..\common\gsUdpEngine.c">
      <Filter>GsCommon</Filter>
    </ClCompile>
    <ClCompile Include="..\..\common\gsXML.c">
      <Filter>GsCommon</Filter>
    </ClCompile>
    <ClCompile Include="..\..\hashtable.c">
      <Filter>GsCommon</Filter>
    </ClCompile>
    <ClCompile Include="..\..\md5c.c">
      <Filter>GsCommon</Filter>
    </ClCompile>
    <ClCompile Include="..\..\gp\gp.c">
      <Filter>PresenceSDK</Filter>
    </ClCompile>
    <ClCompile Include="..\..\gp\gpi.c">
      <Filter>PresenceSDK</Filter>
    </ClCompile>
    <ClCompile Include="..\..\gp\gpiBuddy.c">
      <Filter>PresenceSDK</Filter>
    </ClCompile>
    <ClCompile Include="..\..\gp\gpiBuffer.c">
      <Filter>PresenceSDK</Filter>
    </ClCompile>
    <ClCompile Include="..\..\gp\gpiCallback.c">
      <Filter>PresenceSDK</Filter>
    </ClCompile>
    <ClCompile Include="..\..\gp\gpiConnect.c">
      <Filter>PresenceSDK</Filter>
    </ClCompile>
    <ClCompile Include="..\..\gp\gpiInfo.c">
      <Filter>PresenceSDK</Filter>
    </ClCompile>
    <ClCompile Include="..\..\GP\gpiKeys.c">
      <Filter>PresenceSDK</Filter>
    </ClCompile>
    <ClCompile Include="..\..\gp\gpiOperation.c">
      <Filter>PresenceSDK</Filter>
    </ClCompile>
    <ClCompile Include="..\..\gp\gpiPeer.c">
      <Filter>PresenceSDK</Filter>
    </ClCompile>
    <ClCompile Include="..\..\gp\gpiProfile.c">
      <Filter>PresenceSDK</Filter>
    </ClCompile>
    <ClCompile Include="..\..\gp\gpiSearch.c">
      <Filter>PresenceSDK</Filter>
    </ClCompile>
    <ClCompile Include="..\..\gp\gpiTransfer.c">
      <Filter>PresenceSDK</Filter>
    </ClCompile>
    <ClCompile Include="..\..\GP\gpiUnique.c">
      <Filter>PresenceSDK</Filter>
    </ClCompile>
    <ClCompile Include="..\..\gp\gpiUtility.c">
      <Filter>PresenceSDK</Filter>
    </ClCompile>
    <ClCompile Include="..\..\ghttp\ghttpBuffer.c">
      <Filter>HttpSDK</Filter>
    </ClCompile>
    <ClCompile Include="..\..\ghttp\ghttpCallbacks.c">
      <Filter>HttpSDK</Filter>
    </ClCompile>
    <ClCompile Include="..\..\ghttp\ghttpCommon.c">
      <Filter>HttpSDK</Filter>
    </ClCompile>
    <ClCompile Include="..\..\ghttp\ghttpConnection.c">
      <Filter>HttpSDK</Filter>
    </ClCompile>
    <ClCompile Include="..\..\ghttp\ghttpEncryption.c">
      <Filter>HttpSDK</Filter>
    </ClCompile>
    <ClCompile Include="..\..\ghttp\ghttpMain.c">
      <Filter>HttpSDK</Filter>
    </ClCompile>
    <ClCompile Include="..\..\ghttp\ghttpPost.c">
      <Filter>HttpSDK</Filter>
    </ClCompile>
    <ClCompile Include="..\..\ghttp\ghttpProcess.c">
      <Filter>HttpSDK</Filter>
    </ClCompile>
    <ClCompile Include="..\..\gt2\gt2Auth.c">
      <Filter>TransportSDK</Filter>
    </ClCompile>
    <ClCompile Include="..\..\gt2\gt2Buffer.c">
      <Filter>TransportSDK</Filter>
    </ClCompile>
    <ClCompile Include="..\..\gt2\gt2Callback.c">
      <Filter>TransportSDK</Filter>
    </ClCompile>
    <ClCompile Include="..\..\gt2\gt2Connection.c">
      <Filter>TransportSDK</Filter>
    </ClCompile>
    <ClCompile Include="..\..\gt2\gt2Encode.c">
      <Filter>TransportSDK</Filter>
    </ClCompile>
    <ClCompile Include="..\..\gt2\gt2Filter.c">
      <Filter>TransportSDK</Filter>
    </ClCompile>
    <ClCompile Include="..\..\gt2\gt2Main.c">
      <Filter>TransportSDK</Filter>
    </ClCompile>
    <ClCompile Include="..\..\gt2\gt2Message.c">
      <Filter>TransportSDK</Filter>
    </ClCompile>
    <ClCompile Include="..\..\gt2\gt2Socket.c">
      <Filter>TransportSDK</Filter>
    </ClCompile>
    <ClCompile Include="..\..\gt2\gt2Utility.c">
      <Filter>TransportSDK</Filter>
    </ClCompile>
    <ClCompile Include="..\sciInterface.c">
      <Filter>CompetitionSDK</Filter>
    </ClCompile>
    <ClCompile Include="..\sciMain.c">
      <Filter>CompetitionSDK</Filter>
    </ClCompile>
    <ClCompile Include="..\sciReport.c">
      <Filter>CompetitionSDK</Filter>
    </ClCompile>
    <ClCompile Include="..\sciSerialize.c">
      <Filter>CompetitionSDK</Filter>
    </ClCompile>
    <ClCompile Include="..\sciWebServices.c">
      <Filter>CompetitionSDK</Filter>
    </ClCompile>
    <ClCompile Include="..\..\webservices\AuthService.c">
      <Filter>AuthServiceSDK</Filter>
    </ClCompile>
  </ItemGroup>
  <ItemGroup>
    <ResourceCompile Include="ScRaceSample.rc">
      <Filter>Source Files</Filter>
    </ResourceCompile>
  </ItemGroup>
  <ItemGroup>
    <ClInclude Include="atlas_Competition_Race_Sample_App_v1.h">
      <Filter>Header Files</Filter>
    </ClInclude>
    <ClInclude Include="HostOrJoinDlg.h">
      <Filter>Header Files</Filter>
    </ClInclude>
    <ClInclude Include="LoginDlg.h">
      <Filter>Header Files</Filter>
    </ClInclude>
    <ClInclude Include="Resource.h">
      <Filter>Header Files</Filter>
    </ClInclude>
    <ClInclude Include="ScRaceSample.h">
      <Filter>Header Files</Filter>
    </ClInclude>
    <ClInclude Include="ScRaceSampleDlg.h">
      <Filter>Header Files</Filter>
    </ClInclude>
    <ClInclude Include="StdAfx.h">
      <Filter>Header Files</Filter>
    </ClInclude>
    <ClInclude Include="WaitingDlg.h">
      <Filter>Header Files</Filter>
    </ClInclude>
    <ClInclude Include="..\..\darray.h">
      <Filter>GsCommon</Filter>
    </ClInclude>
    <ClInclude Include="..\..\common\gsAssert.h">
      <Filter>GsCommon</Filter>
    </ClInclude>
    <ClInclude Include="..\..\common\gsAvailable.h">
      <Filter>GsCommon</Filter>
    </ClInclude>
    <ClInclude Include="..\..\common\gsCommon.h">
      <Filter>GsCommon</Filter>
    </ClInclude>
    <ClInclude Include="..\..\common\gsCore.h">
      <Filter>GsCommon</Filter>
    </ClInclude>
    <ClInclude Include="..\..\common\gsCrypt.h">
      <Filter>GsCommon</Filter>
    </ClInclude>
    <ClInclude Include="..\..\common\gsDebug.h">
      <Filter>GsCommon</Filter>
    </ClInclude>
    <ClInclude Include="..\..\common\gsLargeInt.h">
      <Filter>GsCommon</Filter>
    </ClInclude>
    <ClInclude Include="..\..\common\gsMemory.h">
      <Filter>GsCommon</Filter>
    </ClInclude>
    <ClInclude Include="..\..\common\gsPlatform.h">
      <Filter>GsCommon</Filter>
    </ClInclude>
    <ClInclude Include="..\..\common\gsPlatformSocket.h">
      <Filter>GsCommon</Filter>
    </ClInclude>
    <ClInclude Include="..\..\common\gsPlatformThread.h">
      <Filter>GsCommon</Filter>
    </ClInclude>
    <ClInclude Include="..\..\common\gsPlatformUtil.h">
      <Filter>GsCommon</Filter>
    </ClInclude>
    <ClInclude Include="..\..\common\gsRC4.h">
      <Filter>GsCommon</Filter>
    </ClInclude>
    <ClInclude Include="..\..\common\gsSHA1.h">
      <Filter>GsCommon</Filter>
    </ClInclude>
    <ClInclude Include="..\..\common\gsSSL.h">
      <Filter>GsCommon</Filter>
    </ClInclude>
    <ClInclude Include="..\..\common\gsStringUtil.h">
      <Filter>GsCommon</Filter>
    </ClInclude>
    <ClInclude Include="..\..\common\gsUdpEngine.h">
      <Filter>GsCommon</Filter>
    </ClInclude>
    <ClInclude Include="..\..\common\gsXML.h">
      <Filter>GsCommon</Filter>
    </ClInclude>
    <ClInclude Include="..\..\hashtable.h">
      <Filter>GsCommon</Filter>
    </ClInclude>
    <ClInclude Include="..\..\md5.h">
      <Filter>GsCommon</Filter>
    </ClInclude>
    <ClInclude Include="..\..\gp\gp.h">
      <Filter>PresenceSDK</Filter>
    </ClInclude>
    <ClInclude Include="..\..\gp\gpi.h">
      <Filter>PresenceSDK</Filter>
    </ClInclude>
    <ClInclude Include="..\..\gp\gpiBuddy.h">
      <Filter>PresenceSDK</Filter>
    </ClInclude>
    <ClInclude Include="..\..\gp\gpiBuffer.h">
      <Filter>PresenceSDK</Filter>
    </ClInclude>
    <ClInclude Include="..\..\gp\gpiCallback.h">
      <Filter>PresenceSDK</Filter>
    </ClInclude>
    <ClInclude Include="..\..\gp\gpiConnect.h">
      <Filter>PresenceSDK</Filter>
    </ClInclude>
    <ClInclude Include="..\..\gp\gpiInfo.h">
      <Filter>PresenceSDK</Filter>
    </ClInclude>
    <ClInclude Include="..\..\GP\gpiKeys.h">
      <Filter>PresenceSDK</Filter>
    </ClInclude>
    <ClInclude Include="..\..\gp\gpiOperation.h">
      <Filter>PresenceSDK</Filter>
    </ClInclude>
    <ClInclude Include="..\..\gp\gpiPeer.h">
      <Filter>PresenceSDK</Filter>
    </ClInclude>
    <ClInclude Include="..\..\gp\gpiProfile.h">
      <Filter>PresenceSDK</Filter>
    </ClInclude>
    <ClInclude Include="..\..\gp\gpiSearch.h">
      <Filter>PresenceSDK</Filter>
    </ClInclude>
    <ClInclude Include="..\..\gp\gpiTransfer.h">
      <Filter>PresenceSDK</Filter>
    </ClInclude>
    <ClInclude Include="..\..\GP\gpiUnique.h">
      <Filter>PresenceSDK</Filter>
    </ClInclude>
    <ClInclude Include="..\..\gp\gpiUtility.h">
      <Filter>PresenceSDK</Filter>
    </ClInclude>
    <ClInclude Include="..\..\ghttp\ghttp.h">
      <Filter>HttpSDK</Filter>
    </ClInclude>
    <ClInclude Include="..\..\ghttp\ghttpBuffer.h">
      <Filter>HttpSDK</Filter>
    </ClInclude>
    <ClInclude Include="..\..\ghttp\ghttpCallbacks.h">
      <Filter>HttpSDK</Filter>
    </ClInclude>
    <ClInclude Include="..\..\ghttp\ghttpCommon.h">
      <Filter>HttpSDK</Filter>
    </ClInclude>
    <ClInclude Include="..\..\ghttp\ghttpConnection.h">
      <Filter>HttpSDK</Filter>
    </ClInclude>
    <ClInclude Include="..\..\ghttp\ghttpEncryption.h">
      <Filter>HttpSDK</Filter>
    </ClInclude>
    <ClInclude Include="..\..\ghttp\ghttpMain.h">
      <Filter>HttpSDK</Filter>
    </ClInclude>
    <ClInclude Include="..\..\ghttp\ghttpPost.h">
      <Filter>HttpSDK</Filter>
    </ClInclude>
    <ClInclude Include="..\..\ghttp\ghttpProcess.h">
      <Filter>HttpSDK</Filter>
    </ClInclude>
    <ClInclude Include="..\..\gt2\gt2.h">
      <Filter>TransportSDK</Filter>
    </ClInclude>
    <ClInclude Include="..\..\gt2\gt2Auth.h">
      <Filter>TransportSDK</Filter>
    </ClInclude>
    <ClInclude Include="..\..\gt2\gt2Buffer.h">
      <Filter>TransportSDK</Filter>
    </ClInclude>
    <ClInclude Include="..\..\gt2\gt2Callback.h">
      <Filter>TransportSDK</Filter>
    </ClInclude>
    <ClInclude Include="..\..\gt2\gt2Connection.h">
      <Filter>TransportSDK</Filter>
    </ClInclude>
    <ClInclude Include="..\..\gt2\gt2Encode.h">
      <Filter>TransportSDK</Filter>
    </ClInclude>
    <ClInclude Include="..\..\gt2\gt2Filter.h">
      <Filter>TransportSDK</Filter>
    </ClInclude>
    <ClInclude Include="..\..\gt2\gt2Main.h">
      <Filter>TransportSDK</Filter>
    </ClInclude>
    <ClInclude Include="..\..\gt2\gt2Message.h">
      <Filter>TransportSDK</Filter>
    </ClInclude>
    <ClInclude Include="..\..\gt2\gt2Socket.h">
      <Filter>TransportSDK</Filter>
    </ClInclude>
    <ClInclude Include="..\..\gt2\gt2Utility.h">
      <Filter>TransportSDK</Filter>
    </ClInclude>
    <ClInclude Include="..\sc.h">
      <Filter>CompetitionSDK</Filter>
    </ClInclude>
    <ClInclude Include="..\sci.h">
      <Filter>CompetitionSDK</Filter>
    </ClInclude>
    <ClInclude Include="..\sciInterface.h">
      <Filter>CompetitionSDK</Filter>
    </ClInclude>
    <ClInclude Include="..\sciReport.h">
      <Filter>CompetitionSDK</Filter>
    </ClInclude>
    <ClInclude Include="..\sciSerialize.h">
      <Filter>CompetitionSDK</Filter>
    </ClInclude>
    <ClInclude Include="..\sciWebServices.h">
      <Filter>CompetitionSDK</Filter>
    </ClInclude>
    <ClInclude Include="..\..\webservices\AuthService.h">
      <Filter>AuthServiceSDK</Filter>
    </ClInclude>
  </ItemGroup>
  <ItemGroup>
    <Image Include="res\ScRaceSample.ico">
      <Filter>Resource Files</Filter>
    </Image>
  </ItemGroup>
  <ItemGroup>
    <CustomBuild Include="res\ScRaceSample.rc2">
      <Filter>Resource Files</Filter>
    </CustomBuild>
  </ItemGroup>
</Project>