<?xml version="1.0" encoding="utf-8"?>
<Project ToolsVersion="4.0" xmlns="http://schemas.microsoft.com/developer/msbuild/2003">
  <ItemGroup>
    <Filter Include="Source Files">
      <UniqueIdentifier>{addff761-105f-45dd-92b6-dce63a7e3998}</UniqueIdentifier>
      <Extensions>cpp;c;cxx;rc;def;r;odl;idl;hpj;bat</Extensions>
    </Filter>
    <Filter Include="GsCommon">
      <UniqueIdentifier>{9cd7b303-650b-451d-af07-cfbd744d68f1}</UniqueIdentifier>
    </Filter>
    <Filter Include="GsCommon\Source Files">
      <UniqueIdentifier>{3bf41380-f6d9-470f-99d8-ccc847499b39}</UniqueIdentifier>
    </Filter>
    <Filter Include="GsCommon\Header Files">
      <UniqueIdentifier>{b1a0615b-771f-4c18-9a52-afd68320ff30}</UniqueIdentifier>
    </Filter>
    <Filter Include="Profiles">
      <UniqueIdentifier>{550f3311-e532-4346-be0a-a30151254fbd}</UniqueIdentifier>
    </Filter>
    <Filter Include="PresenceSDK">
      <UniqueIdentifier>{fb2d63bb-b251-40bc-b779-087c712a1870}</UniqueIdentifier>
    </Filter>
    <Filter Include="PresenceSDK\Source Files">
      <UniqueIdentifier>{f4855c3d-dfce-4bf3-80c3-d71dfb91b423}</UniqueIdentifier>
    </Filter>
    <Filter Include="PresenceSDK\Header Files">
      <UniqueIdentifier>{6b324551-08c4-4771-8a18-b2663171a5b3}</UniqueIdentifier>
    </Filter>
    <Filter Include="TransportSDK">
      <UniqueIdentifier>{7d3dba40-a44b-4430-bb26-779a47e0b910}</UniqueIdentifier>
    </Filter>
    <Filter Include="TransportSDK\Header Files">
      <UniqueIdentifier>{21b78909-400b-482d-94c4-c44335f4818a}</UniqueIdentifier>
    </Filter>
    <Filter Include="TransportSDK\Source Files">
      <UniqueIdentifier>{9855df4e-a3b9-4c9e-bc94-c48a38e2b727}</UniqueIdentifier>
    </Filter>
  </ItemGroup>
  <ItemGroup>
    <ClCompile Include="gpstress.c">
      <Filter>Source Files</Filter>
    </ClCompile>
    <ClCompile Include="..\..\darray.c">
      <Filter>GsCommon\Source Files</Filter>
    </ClCompile>
    <ClCompile Include="..\..\common\gsAssert.c">
      <Filter>GsCommon\Source Files</Filter>
    </ClCompile>
    <ClCompile Include="..\..\common\gsAvailable.c">
      <Filter>GsCommon\Source Files</Filter>
    </ClCompile>
    <ClCompile Include="..\..\common\gsDebug.c">
      <Filter>GsCommon\Source Files</Filter>
    </ClCompile>
    <ClCompile Include="..\..\common\gsMemory.c">
      <Filter>GsCommon\Source Files</Filter>
    </ClCompile>
    <ClCompile Include="..\..\common\gsPlatform.c">
      <Filter>GsCommon\Source Files</Filter>
    </ClCompile>
    <ClCompile Include="..\..\common\gsPlatformSocket.c">
      <Filter>GsCommon\Source Files</Filter>
    </ClCompile>
    <ClCompile Include="..\..\common\gsPlatformThread.c">
      <Filter>GsCommon\Source Files</Filter>
    </ClCompile>
    <ClCompile Include="..\..\common\gsPlatformUtil.c">
      <Filter>GsCommon\Source Files</Filter>
    </ClCompile>
    <ClCompile Include="..\..\common\gsStringUtil.c">
      <Filter>GsCommon\Source Files</Filter>
    </ClCompile>
    <ClCompile Include="..\..\common\gsUdpEngine.c">
      <Filter>GsCommon\Source Files</Filter>
    </ClCompile>
    <ClCompile Include="..\..\hashtable.c">
      <Filter>GsCommon\Source Files</Filter>
    </ClCompile>
    <ClCompile Include="..\..\md5c.c">
      <Filter>GsCommon\Source Files</Filter>
    </ClCompile>
    <ClCompile Include="..\gp.c">
      <Filter>PresenceSDK\Source Files</Filter>
    </ClCompile>
    <ClCompile Include="..\gpi.c">
      <Filter>PresenceSDK\Source Files</Filter>
    </ClCompile>
    <ClCompile Include="..\gpiBuddy.c">
      <Filter>PresenceSDK\Source Files</Filter>
    </ClCompile>
    <ClCompile Include="..\gpiBuffer.c">
      <Filter>PresenceSDK\Source Files</Filter>
    </ClCompile>
    <ClCompile Include="..\gpiCallback.c">
      <Filter>PresenceSDK\Source Files</Filter>
    </ClCompile>
    <ClCompile Include="..\gpiConnect.c">
      <Filter>PresenceSDK\Source Files</Filter>
    </ClCompile>
    <ClCompile Include="..\gpiInfo.c">
      <Filter>PresenceSDK\Source Files</Filter>
    </ClCompile>
    <ClCompile Include="..\gpiKeys.c">
      <Filter>PresenceSDK\Source Files</Filter>
    </ClCompile>
    <ClCompile Include="..\gpiOperation.c">
      <Filter>PresenceSDK\Source Files</Filter>
    </ClCompile>
    <ClCompile Include="..\gpiPeer.c">
      <Filter>PresenceSDK\Source Files</Filter>
    </ClCompile>
    <ClCompile Include="..\gpiProfile.c">
      <Filter>PresenceSDK\Source Files</Filter>
    </ClCompile>
    <ClCompile Include="..\gpiSearch.c">
      <Filter>PresenceSDK\Source Files</Filter>
    </ClCompile>
    <ClCompile Include="..\gpiTransfer.c">
      <Filter>PresenceSDK\Source Files</Filter>
    </ClCompile>
    <ClCompile Include="..\gpiUnique.c">
      <Filter>PresenceSDK\Source Files</Filter>
    </ClCompile>
    <ClCompile Include="..\gpiUtility.c">
      <Filter>PresenceSDK\Source Files</Filter>
    </ClCompile>
    <ClCompile Include="..\..\gt2\gt2Auth.c">
      <Filter>TransportSDK\Source Files</Filter>
    </ClCompile>
    <ClCompile Include="..\..\gt2\gt2Buffer.c">
      <Filter>TransportSDK\Source Files</Filter>
    </ClCompile>
    <ClCompile Include="..\..\gt2\gt2Callback.c">
      <Filter>TransportSDK\Source Files</Filter>
    </ClCompile>
    <ClCompile Include="..\..\gt2\gt2Connection.c">
      <Filter>TransportSDK\Source Files</Filter>
    </ClCompile>
    <ClCompile Include="..\..\gt2\gt2Encode.c">
      <Filter>TransportSDK\Source Files</Filter>
    </ClCompile>
    <ClCompile Include="..\..\gt2\gt2Filter.c">
      <Filter>TransportSDK\Source Files</Filter>
    </ClCompile>
    <ClCompile Include="..\..\gt2\gt2Main.c">
      <Filter>TransportSDK\Source Files</Filter>
    </ClCompile>
    <ClCompile Include="..\..\gt2\gt2Message.c">
      <Filter>TransportSDK\Source Files</Filter>
    </ClCompile>
    <ClCompile Include="..\..\gt2\gt2Socket.c">
      <Filter>TransportSDK\Source Files</Filter>
    </ClCompile>
    <ClCompile Include="..\..\gt2\gt2Utility.c">
      <Filter>TransportSDK\Source Files</Filter>
    </ClCompile>
  </ItemGroup>
  <ItemGroup>
    <ClInclude Include="..\..\darray.h">
      <Filter>GsCommon\Header Files</Filter>
    </ClInclude>
    <ClInclude Include="..\..\common\gsAvailable.h">
      <Filter>GsCommon\Header Files</Filter>
    </ClInclude>
    <ClInclude Include="..\..\common\gsCommon.h">
      <Filter>GsCommon\Header Files</Filter>
    </ClInclude>
    <ClInclude Include="..\..\common\gsDebug.h">
      <Filter>GsCommon\Header Files</Filter>
    </ClInclude>
    <ClInclude Include="..\..\common\gsMemory.h">
      <Filter>GsCommon\Header Files</Filter>
    </ClInclude>
    <ClInclude Include="..\..\common\gsPlatform.h">
      <Filter>GsCommon\Header Files</Filter>
    </ClInclude>
    <ClInclude Include="..\..\common\gsPlatformSocket.h">
      <Filter>GsCommon\Header Files</Filter>
    </ClInclude>
    <ClInclude Include="..\..\common\gsPlatformThread.h">
      <Filter>GsCommon\Header Files</Filter>
    </ClInclude>
    <ClInclude Include="..\..\common\gsPlatformUtil.h">
      <Filter>GsCommon\Header Files</Filter>
    </ClInclude>
    <ClInclude Include="..\..\common\gsStringUtil.h">
      <Filter>GsCommon\Header Files</Filter>
    </ClInclude>
    <ClInclude Include="..\..\common\gsUdpEngine.h">
      <Filter>GsCommon\Header Files</Filter>
    </ClInclude>
    <ClInclude Include="..\..\hashtable.h">
      <Filter>GsCommon\Header Files</Filter>
    </ClInclude>
    <ClInclude Include="..\..\md5.h">
      <Filter>GsCommon\Header Files</Filter>
    </ClInclude>
    <ClInclude Include="..\gpiUnique.h">
      <Filter>PresenceSDK\Source Files</Filter>
    </ClInclude>
    <ClInclude Include="..\gp.h">
      <Filter>PresenceSDK\Header Files</Filter>
    </ClInclude>
    <ClInclude Include="..\gpi.h">
      <Filter>PresenceSDK\Header Files</Filter>
    </ClInclude>
    <ClInclude Include="..\gpiBuddy.h">
      <Filter>PresenceSDK\Header Files</Filter>
    </ClInclude>
    <ClInclude Include="..\gpiBuffer.h">
      <Filter>PresenceSDK\Header Files</Filter>
    </ClInclude>
    <ClInclude Include="..\gpiCallback.h">
      <Filter>PresenceSDK\Header Files</Filter>
    </ClInclude>
    <ClInclude Include="..\gpiConnect.h">
      <Filter>PresenceSDK\Header Files</Filter>
    </ClInclude>
    <ClInclude Include="..\gpiInfo.h">
      <Filter>PresenceSDK\Header Files</Filter>
    </ClInclude>
    <ClInclude Include="..\gpiKeys.h">
      <Filter>PresenceSDK\Header Files</Filter>
    </ClInclude>
    <ClInclude Include="..\gpiOperation.h">
      <Filter>PresenceSDK\Header Files</Filter>
    </ClInclude>
    <ClInclude Include="..\gpiPeer.h">
      <Filter>PresenceSDK\Header Files</Filter>
    </ClInclude>
    <ClInclude Include="..\gpiProfile.h">
      <Filter>PresenceSDK\Header Files</Filter>
    </ClInclude>
    <ClInclude Include="..\gpiSearch.h">
      <Filter>PresenceSDK\Header Files</Filter>
    </ClInclude>
    <ClInclude Include="..\gpiTransfer.h">
      <Filter>PresenceSDK\Header Files</Filter>
    </ClInclude>
    <ClInclude Include="..\gpiUtility.h">
      <Filter>PresenceSDK\Header Files</Filter>
    </ClInclude>
    <ClInclude Include="..\..\gt2\gt2.h">
      <Filter>TransportSDK\Header Files</Filter>
    </ClInclude>
    <ClInclude Include="..\..\gt2\gt2Auth.h">
      <Filter>TransportSDK\Header Files</Filter>
    </ClInclude>
    <ClInclude Include="..\..\gt2\gt2Buffer.h">
      <Filter>TransportSDK\Header Files</Filter>
    </ClInclude>
    <ClInclude Include="..\..\gt2\gt2Callback.h">
      <Filter>TransportSDK\Header Files</Filter>
    </ClInclude>
    <ClInclude Include="..\..\gt2\gt2Connection.h">
      <Filter>TransportSDK\Header Files</Filter>
    </ClInclude>
    <ClInclude Include="..\..\gt2\gt2Encode.h">
      <Filter>TransportSDK\Header Files</Filter>
    </ClInclude>
    <ClInclude Include="..\..\gt2\gt2Filter.h">
      <Filter>TransportSDK\Header Files</Filter>
    </ClInclude>
    <ClInclude Include="..\..\gt2\gt2Main.h">
      <Filter>TransportSDK\Header Files</Filter>
    </ClInclude>
    <ClInclude Include="..\..\gt2\gt2Message.h">
      <Filter>TransportSDK\Header Files</Filter>
    </ClInclude>
    <ClInclude Include="..\..\gt2\gt2Socket.h">
      <Filter>TransportSDK\Header Files</Filter>
    </ClInclude>
    <ClInclude Include="..\..\gt2\gt2Utility.h">
      <Filter>TransportSDK\Header Files</Filter>
    </ClInclude>
  </ItemGroup>
  <ItemGroup>
    <None Include="profiles.csv">
      <Filter>Profiles</Filter>
    </None>
  </ItemGroup>
  <ItemGroup>
    <Text Include="gpstress.log" />
  </ItemGroup>
</Project>